<?xml version="1.0" encoding="utf-8"?>
<Project ToolsVersion="4.0" xmlns="http://schemas.microsoft.com/developer/msbuild/2003">
  <ItemGroup>
    <Filter Include="Simulation">
      <UniqueIdentifier>{59c5a398-8b9e-4c28-a346-5b8cd5616bc0}</UniqueIdentifier>
    </Filter>
    <Filter Include="STemWin">
      <UniqueIdentifier>{56fe8a86-cef4-4a5d-a4b8-c09e1f58a89d}</UniqueIdentifier>
    </Filter>
    <Filter Include="STemWin\Include">
      <UniqueIdentifier>{91deae29-abef-4a69-bb10-c6de4777b49b}</UniqueIdentifier>
    </Filter>
    <Filter Include="STemWin\Library">
      <UniqueIdentifier>{f7d16985-0061-4dce-8d2b-c1a961bbb2b1}</UniqueIdentifier>
    </Filter>
    <Filter Include="STemWin\Target">
      <UniqueIdentifier>{7adf334f-8405-4cc4-835c-84f94179dcc1}</UniqueIdentifier>
    </Filter>
    <Filter Include="Application">
      <UniqueIdentifier>{5b1c51de-480f-4e6c-808f-f27f5d5f6ea8}</UniqueIdentifier>
    </Filter>
    <Filter Include="STemWin\TTF_Engine">
      <UniqueIdentifier>{9a311556-5928-41a9-b47e-dc8dbb98b581}</UniqueIdentifier>
    </Filter>
    <Filter Include="Application\DSX">
      <UniqueIdentifier>{9163f890-7cd9-475f-822e-cf893c95be4d}</UniqueIdentifier>
    </Filter>
    <Filter Include="Application\DSX\Source">
      <UniqueIdentifier>{32f7abc1-b537-46e9-9aa5-f768f7f9e992}</UniqueIdentifier>
    </Filter>
    <Filter Include="Application\DSX\Header">
      <UniqueIdentifier>{5d6049c8-4fff-4367-afab-58a27fb7d3a4}</UniqueIdentifier>
    </Filter>
    <Filter Include="Application\DSX\Bitmaps">
      <UniqueIdentifier>{0e0406a9-1e33-44be-9a09-40468b0ce8b4}</UniqueIdentifier>
    </Filter>
    <Filter Include="Application\DSX\Source\OpcodeHandle">
      <UniqueIdentifier>{a19f6f2b-1601-4752-abd7-6a8f4e9f3ec5}</UniqueIdentifier>
    </Filter>
  </ItemGroup>
  <ItemGroup>
    <ClCompile Include="Config\LCDConf.c">
      <Filter>STemWin\Target</Filter>
    </ClCompile>
    <ClCompile Include="Config\SIMConf.c">
      <Filter>STemWin\Target</Filter>
    </ClCompile>
    <ClCompile Include="Config\GUIConf.c">
      <Filter>STemWin\Target</Filter>
    </ClCompile>
    <ClCompile Include="Simulation\WinMain.c">
      <Filter>Simulation</Filter>
    </ClCompile>
    <ClCompile Include="Application\MainTask.c">
      <Filter>Application</Filter>
    </ClCompile>
    <ClCompile Include="..\..\..\Libraries\Middleware\STemWin\V544\truetype\autofit.c">
      <Filter>STemWin\TTF_Engine</Filter>
    </ClCompile>
    <ClCompile Include="..\..\..\Libraries\Middleware\STemWin\V544\truetype\bdf.c">
      <Filter>STemWin\TTF_Engine</Filter>
    </ClCompile>
    <ClCompile Include="..\..\..\Libraries\Middleware\STemWin\V544\truetype\cff.c">
      <Filter>STemWin\TTF_Engine</Filter>
    </ClCompile>
    <ClCompile Include="..\..\..\Libraries\Middleware\STemWin\V544\truetype\ftbase.c">
      <Filter>STemWin\TTF_Engine</Filter>
    </ClCompile>
    <ClCompile Include="..\..\..\Libraries\Middleware\STemWin\V544\truetype\ftbbox.c">
      <Filter>STemWin\TTF_Engine</Filter>
    </ClCompile>
    <ClCompile Include="..\..\..\Libraries\Middleware\STemWin\V544\truetype\ftbdf.c">
      <Filter>STemWin\TTF_Engine</Filter>
    </ClCompile>
    <ClCompile Include="..\..\..\Libraries\Middleware\STemWin\V544\truetype\ftbitmap.c">
      <Filter>STemWin\TTF_Engine</Filter>
    </ClCompile>
    <ClCompile Include="..\..\..\Libraries\Middleware\STemWin\V544\truetype\ftbzip2.c">
      <Filter>STemWin\TTF_Engine</Filter>
    </ClCompile>
    <ClCompile Include="..\..\..\Libraries\Middleware\STemWin\V544\truetype\ftcache.c">
      <Filter>STemWin\TTF_Engine</Filter>
    </ClCompile>
    <ClCompile Include="..\..\..\Libraries\Middleware\STemWin\V544\truetype\ftcid.c">
      <Filter>STemWin\TTF_Engine</Filter>
    </ClCompile>
    <ClCompile Include="..\..\..\Libraries\Middleware\STemWin\V544\truetype\ftdebug.c">
      <Filter>STemWin\TTF_Engine</Filter>
    </ClCompile>
    <ClCompile Include="..\..\..\Libraries\Middleware\STemWin\V544\truetype\ftfstype.c">
      <Filter>STemWin\TTF_Engine</Filter>
    </ClCompile>
    <ClCompile Include="..\..\..\Libraries\Middleware\STemWin\V544\truetype\ftgasp.c">
      <Filter>STemWin\TTF_Engine</Filter>
    </ClCompile>
    <ClCompile Include="..\..\..\Libraries\Middleware\STemWin\V544\truetype\ftglyph.c">
      <Filter>STemWin\TTF_Engine</Filter>
    </ClCompile>
    <ClCompile Include="..\..\..\Libraries\Middleware\STemWin\V544\truetype\ftgxval.c">
      <Filter>STemWin\TTF_Engine</Filter>
    </ClCompile>
    <ClCompile Include="..\..\..\Libraries\Middleware\STemWin\V544\truetype\ftgzip.c">
      <Filter>STemWin\TTF_Engine</Filter>
    </ClCompile>
    <ClCompile Include="..\..\..\Libraries\Middleware\STemWin\V544\truetype\ftinit.c">
      <Filter>STemWin\TTF_Engine</Filter>
    </ClCompile>
    <ClCompile Include="..\..\..\Libraries\Middleware\STemWin\V544\truetype\ftlcdfil.c">
      <Filter>STemWin\TTF_Engine</Filter>
    </ClCompile>
    <ClCompile Include="..\..\..\Libraries\Middleware\STemWin\V544\truetype\ftlzw.c">
      <Filter>STemWin\TTF_Engine</Filter>
    </ClCompile>
    <ClCompile Include="..\..\..\Libraries\Middleware\STemWin\V544\truetype\ftmm.c">
      <Filter>STemWin\TTF_Engine</Filter>
    </ClCompile>
    <ClCompile Include="..\..\..\Libraries\Middleware\STemWin\V544\truetype\ftotval.c">
      <Filter>STemWin\TTF_Engine</Filter>
    </ClCompile>
    <ClCompile Include="..\..\..\Libraries\Middleware\STemWin\V544\truetype\ftpatent.c">
      <Filter>STemWin\TTF_Engine</Filter>
    </ClCompile>
    <ClCompile Include="..\..\..\Libraries\Middleware\STemWin\V544\truetype\ftpfr.c">
      <Filter>STemWin\TTF_Engine</Filter>
    </ClCompile>
    <ClCompile Include="..\..\..\Libraries\Middleware\STemWin\V544\truetype\ftstroke.c">
      <Filter>STemWin\TTF_Engine</Filter>
    </ClCompile>
    <ClCompile Include="..\..\..\Libraries\Middleware\STemWin\V544\truetype\ftsynth.c">
      <Filter>STemWin\TTF_Engine</Filter>
    </ClCompile>
    <ClCompile Include="..\..\..\Libraries\Middleware\STemWin\V544\truetype\ftsystem.c">
      <Filter>STemWin\TTF_Engine</Filter>
    </ClCompile>
    <ClCompile Include="..\..\..\Libraries\Middleware\STemWin\V544\truetype\fttype1.c">
      <Filter>STemWin\TTF_Engine</Filter>
    </ClCompile>
    <ClCompile Include="..\..\..\Libraries\Middleware\STemWin\V544\truetype\ftwinfnt.c">
      <Filter>STemWin\TTF_Engine</Filter>
    </ClCompile>
    <ClCompile Include="..\..\..\Libraries\Middleware\STemWin\V544\truetype\ftxf86.c">
      <Filter>STemWin\TTF_Engine</Filter>
    </ClCompile>
    <ClCompile Include="..\..\..\Libraries\Middleware\STemWin\V544\truetype\GUI_TTF.c">
      <Filter>STemWin\TTF_Engine</Filter>
    </ClCompile>
    <ClCompile Include="..\..\..\Libraries\Middleware\STemWin\V544\truetype\gxvalid.c">
      <Filter>STemWin\TTF_Engine</Filter>
    </ClCompile>
    <ClCompile Include="..\..\..\Libraries\Middleware\STemWin\V544\truetype\otvalid.c">
      <Filter>STemWin\TTF_Engine</Filter>
    </ClCompile>
    <ClCompile Include="..\..\..\Libraries\Middleware\STemWin\V544\truetype\pcf.c">
      <Filter>STemWin\TTF_Engine</Filter>
    </ClCompile>
    <ClCompile Include="..\..\..\Libraries\Middleware\STemWin\V544\truetype\pfr.c">
      <Filter>STemWin\TTF_Engine</Filter>
    </ClCompile>
    <ClCompile Include="..\..\..\Libraries\Middleware\STemWin\V544\truetype\psaux.c">
      <Filter>STemWin\TTF_Engine</Filter>
    </ClCompile>
    <ClCompile Include="..\..\..\Libraries\Middleware\STemWin\V544\truetype\pshinter.c">
      <Filter>STemWin\TTF_Engine</Filter>
    </ClCompile>
    <ClCompile Include="..\..\..\Libraries\Middleware\STemWin\V544\truetype\psnames.c">
      <Filter>STemWin\TTF_Engine</Filter>
    </ClCompile>
    <ClCompile Include="..\..\..\Libraries\Middleware\STemWin\V544\truetype\raster.c">
      <Filter>STemWin\TTF_Engine</Filter>
    </ClCompile>
    <ClCompile Include="..\..\..\Libraries\Middleware\STemWin\V544\truetype\sfnt.c">
      <Filter>STemWin\TTF_Engine</Filter>
    </ClCompile>
    <ClCompile Include="..\..\..\Libraries\Middleware\STemWin\V544\truetype\smooth.c">
      <Filter>STemWin\TTF_Engine</Filter>
    </ClCompile>
    <ClCompile Include="..\..\..\Libraries\Middleware\STemWin\V544\truetype\truetype.c">
      <Filter>STemWin\TTF_Engine</Filter>
    </ClCompile>
    <ClCompile Include="..\..\..\Libraries\Middleware\STemWin\V544\truetype\type1.c">
      <Filter>STemWin\TTF_Engine</Filter>
    </ClCompile>
    <ClCompile Include="..\..\..\Libraries\Middleware\STemWin\V544\truetype\type1cid.c">
      <Filter>STemWin\TTF_Engine</Filter>
    </ClCompile>
    <ClCompile Include="..\..\..\Libraries\Middleware\STemWin\V544\truetype\type42.c">
      <Filter>STemWin\TTF_Engine</Filter>
    </ClCompile>
    <ClCompile Include="..\..\..\Libraries\Middleware\STemWin\V544\truetype\winfnt.c">
      <Filter>STemWin\TTF_Engine</Filter>
    </ClCompile>
    <ClCompile Include="..\Bitmaps\USB.c">
      <Filter>Application\DSX\Bitmaps</Filter>
    </ClCompile>
    <ClCompile Include="..\Bitmaps\DSX_WelcomeBMP.c">
      <Filter>Application\DSX\Bitmaps</Filter>
    </ClCompile>
    <ClCompile Include="..\OpcodeHandle\Menu\Device Settings\ContextDeviceSettingsCfg.c">
      <Filter>Application\DSX\Source\OpcodeHandle</Filter>
    </ClCompile>
    <ClCompile Include="..\OpcodeHandle\Menu\Device Settings\Menu_DeviceSettings_Bluetooth.c">
      <Filter>Application\DSX\Source\OpcodeHandle</Filter>
    </ClCompile>
    <ClCompile Include="..\OpcodeHandle\Menu\Device Settings\Menu_DeviceSettings_SampleRate.c">
      <Filter>Application\DSX\Source\OpcodeHandle</Filter>
    </ClCompile>
    <ClCompile Include="..\OpcodeHandle\Menu\Device Settings\Menu_DeviceSettings_Units.c">
      <Filter>Application\DSX\Source\OpcodeHandle</Filter>
    </ClCompile>
    <ClCompile Include="..\OpcodeHandle\Menu\Device Settings\Menu_DeviceSettings_WaterType.c">
      <Filter>Application\DSX\Source\OpcodeHandle</Filter>
    </ClCompile>
    <ClCompile Include="..\OpcodeHandle\Menu\Device Settings\Menu_DeviceSettings_WelcomeScreen.c">
      <Filter>Application\DSX\Source\OpcodeHandle</Filter>
    </ClCompile>
    <ClCompile Include="..\OpcodeHandle\Menu\Device Settings\Mode_DeviceSettings_Cfg.c">
      <Filter>Application\DSX\Source\OpcodeHandle</Filter>
    </ClCompile>
    <ClCompile Include="..\OpcodeHandle\Menu\Display Settings\ContextDisplaySettingsCfg.c">
      <Filter>Application\DSX\Source\OpcodeHandle</Filter>
    </ClCompile>
    <ClCompile Include="..\OpcodeHandle\Menu\Display Settings\Mode_DisplaySettings_Cfg.c">
      <Filter>Application\DSX\Source\OpcodeHandle</Filter>
    </ClCompile>
    <ClCompile Include="..\OpcodeHandle\Menu\Dive Settings\ContextDiveSettingsCfg.c">
      <Filter>Application\DSX\Source\OpcodeHandle</Filter>
    </ClCompile>
    <ClCompile Include="..\OpcodeHandle\Menu\Dive Settings\Mode_DiveSettings_Cfg.c">
      <Filter>Application\DSX\Source\OpcodeHandle</Filter>
    </ClCompile>
    <ClCompile Include="..\OpcodeHandle\Menu\Gas Switch\ContextGasSwitchCfg.c">
      <Filter>Application\DSX\Source\OpcodeHandle</Filter>
    </ClCompile>
    <ClCompile Include="..\OpcodeHandle\Menu\Main Menu\ContextMainMenuCfg.c">
      <Filter>Application\DSX\Source\OpcodeHandle</Filter>
    </ClCompile>
    <ClCompile Include="..\OpcodeHandle\Menu\Main Menu\Mode_MainMenu_Cfg.c">
      <Filter>Application\DSX\Source\OpcodeHandle</Filter>
    </ClCompile>
    <ClCompile Include="..\OpcodeHandle\Menu\Set Alarms\ContextSetAlarmsCfg.c">
      <Filter>Application\DSX\Source\OpcodeHandle</Filter>
    </ClCompile>
    <ClCompile Include="..\OpcodeHandle\Menu\Set Alarms\Menu_SetAlarmsContext.c">
      <Filter>Application\DSX\Source\OpcodeHandle</Filter>
    </ClCompile>
    <ClCompile Include="..\OpcodeHandle\Menu\Set Alarms\Mode_SetAlarms_Cfg.c">
      <Filter>Application\DSX\Source\OpcodeHandle</Filter>
    </ClCompile>
    <ClCompile Include="..\OpcodeHandle\Menu\Set Date and Time\ContextSetDateAndTimeCfg.c">
      <Filter>Application\DSX\Source\OpcodeHandle</Filter>
    </ClCompile>
    <ClCompile Include="..\OpcodeHandle\Menu\Set Menu\ContextSetMenuCfg.c">
      <Filter>Application\DSX\Source\OpcodeHandle</Filter>
    </ClCompile>
    <ClCompile Include="..\OpcodeHandle\Menu\Set Menu\Menu_SetMenu.c">
      <Filter>Application\DSX\Source\OpcodeHandle</Filter>
    </ClCompile>
    <ClCompile Include="..\OpcodeHandle\Menu\Set Menu\Mode_SetMenu_Cfg.c">
      <Filter>Application\DSX\Source\OpcodeHandle</Filter>
    </ClCompile>
    <ClCompile Include="..\OpcodeHandle\Menu\Set SP\ContextSetSPCfg.c">
      <Filter>Application\DSX\Source\OpcodeHandle</Filter>
    </ClCompile>
    <ClCompile Include="..\OpcodeHandle\Menu\Set SP\Menu_SetSP_AutoHigh.c">
      <Filter>Application\DSX\Source\OpcodeHandle</Filter>
    </ClCompile>
    <ClCompile Include="..\OpcodeHandle\Menu\Set SP\Menu_SetSP_AutoLow.c">
      <Filter>Application\DSX\Source\OpcodeHandle</Filter>
    </ClCompile>
    <ClCompile Include="..\OpcodeHandle\Menu\Set SP\Menu_SetSP_CustomSP.c">
      <Filter>Application\DSX\Source\OpcodeHandle</Filter>
    </ClCompile>
    <ClCompile Include="..\OpcodeHandle\Menu\Set SP\Menu_SetSP_HighSP.c">
      <Filter>Application\DSX\Source\OpcodeHandle</Filter>
    </ClCompile>
    <ClCompile Include="..\OpcodeHandle\Menu\Set SP\Menu_SetSP_LowSP.c">
      <Filter>Application\DSX\Source\OpcodeHandle</Filter>
    </ClCompile>
    <ClCompile Include="..\OpcodeHandle\Menu\SP Switch\ContextSPSwitchCfg.c">
      <Filter>Application\DSX\Source\OpcodeHandle</Filter>
    </ClCompile>
    <ClCompile Include="..\OpcodeHandle\Menu\SP Switch\Menu_SPSwitch.c">
      <Filter>Application\DSX\Source\OpcodeHandle</Filter>
    </ClCompile>
    <ClCompile Include="..\OpcodeHandle\WelcomeScreen\WelcomeScreen.c">
      <Filter>Application\DSX\Source\OpcodeHandle</Filter>
    </ClCompile>
    <ClCompile Include="..\DSX_Data_Process.c">
      <Filter>Application\DSX\Source\OpcodeHandle</Filter>
    </ClCompile>
    <ClCompile Include="..\DSX_FontStruct.c">
      <Filter>Application\DSX\Source\OpcodeHandle</Filter>
    </ClCompile>
    <ClCompile Include="..\DsxConditionCheck.c">
      <Filter>Application\DSX\Source\OpcodeHandle</Filter>
    </ClCompile>
    <ClCompile Include="..\DsxOcConfig.c">
      <Filter>Application\DSX\Source\OpcodeHandle</Filter>
    </ClCompile>
    <ClCompile Include="..\Icon_DSX.c">
      <Filter>Application\DSX\Source\OpcodeHandle</Filter>
    </ClCompile>
    <ClCompile Include="..\ShapeDSX.c">
      <Filter>Application\DSX\Source\OpcodeHandle</Filter>
    </ClCompile>
    <ClCompile Include="..\Text_DSX.c">
      <Filter>Application\DSX\Source\OpcodeHandle</Filter>
    </ClCompile>
    <ClCompile Include="..\DSX_Coordinate.c">
      <Filter>Application\DSX\Source\OpcodeHandle</Filter>
    </ClCompile>
    <ClCompile Include="..\DSX_Data_Decode.c">
      <Filter>Application\DSX\Source\OpcodeHandle</Filter>
    </ClCompile>
    <ClCompile Include="..\..\ButtonHandle\DSX_ButtonHandle.c">
      <Filter>Application\DSX\Source\OpcodeHandle</Filter>
    </ClCompile>
    <ClCompile Include="..\OpcodeHandle\Menu\Set Alarms\SetAlarms_TurnEndPress\Menu_SetAlarms_TurnEndSwitchPress.c">
      <Filter>Application\DSX\Source\OpcodeHandle</Filter>
    </ClCompile>
    <ClCompile Include="..\OpcodeHandle\Menu\Set Alarms\SetAlarms_TurnEndPress\Menu_SetAlarms_TurnEndSwitchPress_Context.c">
      <Filter>Application\DSX\Source\OpcodeHandle</Filter>
    </ClCompile>
    <ClCompile Include="..\OpcodeHandle\Menu\Set Alarms\SetAlarms_TurnEndPress\Menu_SetAlarms_TurnEndSwitchPress_TURN.c">
      <Filter>Application\DSX\Source\OpcodeHandle</Filter>
    </ClCompile>
    <ClCompile Include="..\OpcodeHandle\Menu\Set Alarms\Set Alarms CC6 Press\Menu_SetAlarms_CC6Press.c">
      <Filter>Application\DSX\Source\OpcodeHandle</Filter>
    </ClCompile>
    <ClCompile Include="..\OpcodeHandle\Menu\Set Alarms\Set Alarms Depth\Menu_SetAlarms_DEPTH.c">
      <Filter>Application\DSX\Source\OpcodeHandle</Filter>
    </ClCompile>
    <ClCompile Include="..\OpcodeHandle\Menu\Set Alarms\Set Alarms DTR\Menu_SetAlarms_DTR.c">
      <Filter>Application\DSX\Source\OpcodeHandle</Filter>
    </ClCompile>
    <ClCompile Include="..\OpcodeHandle\Menu\Set Alarms\Set Alarms Tank Press\Menu_SetAlarms_TankPress.c">
      <Filter>Application\DSX\Source\OpcodeHandle</Filter>
    </ClCompile>
    <ClCompile Include="..\OpcodeHandle\Menu\Set Alarms\SetAlarms_EndWobIcd\Menu_SetAlarms_EndWobIcd.c">
      <Filter>Application\DSX\Source\OpcodeHandle</Filter>
    </ClCompile>
    <ClCompile Include="..\OpcodeHandle\Menu\Set Alarms\SetAlarms_EndWobIcd\Menu_SetAlarms_EndWobIcd_Context.c">
      <Filter>Application\DSX\Source\OpcodeHandle</Filter>
    </ClCompile>
    <ClCompile Include="..\OpcodeHandle\Menu\Set Alarms\SetAlarms_EndWobIcd\Menu_SetAlarms_EndWobIcd_End.c">
      <Filter>Application\DSX\Source\OpcodeHandle</Filter>
    </ClCompile>
    <ClCompile Include="..\OpcodeHandle\Menu\Set Alarms\SetAlarms_EndWobIcd\Menu_SetAlarms_EndWobIcd_Icd.c">
      <Filter>Application\DSX\Source\OpcodeHandle</Filter>
    </ClCompile>
    <ClCompile Include="..\OpcodeHandle\Menu\Set Alarms\SetAlarms_EndWobIcd\Menu_SetAlarms_EndWobIcd_Wob.c">
      <Filter>Application\DSX\Source\OpcodeHandle</Filter>
    </ClCompile>
    <ClCompile Include="..\OpcodeHandle\Menu\Set Alarms\Menu_SetAlarms.c">
      <Filter>Application\DSX\Source\OpcodeHandle</Filter>
    </ClCompile>
    <ClCompile Include="..\OpcodeHandle\Menu\Set Alarms\SetAlarms_TurnEndPress\Menu_SetAlarms_TurnEndSwitchPress_Cfg.c">
      <Filter>Application\DSX\Source\OpcodeHandle</Filter>
    </ClCompile>
    <ClCompile Include="..\OpcodeHandle\Menu\Set Alarms\SetAlarms_TurnEndPress\Menu_SetAlarms_TurnEndSwitchPress_END.c">
      <Filter>Application\DSX\Source\OpcodeHandle</Filter>
    </ClCompile>
    <ClCompile Include="..\OpcodeHandle\Menu\Set Alarms\SetAlarms_TurnEndPress\Menu_SetAlarms_TurnEndSwitchPress_SWITCH.c">
      <Filter>Application\DSX\Source\OpcodeHandle</Filter>
    </ClCompile>
    <ClCompile Include="..\OpcodeHandle\Menu\Set Alarms\Set Alarms Tank Press\Menu_SetAlarms_TankPress_Context.c">
      <Filter>Application\DSX\Source\OpcodeHandle</Filter>
    </ClCompile>
    <ClCompile Include="..\OpcodeHandle\Surface Mode\SurfaceMode_Cfg.c">
      <Filter>Application\DSX\Source\OpcodeHandle</Filter>
    </ClCompile>
    <ClCompile Include="..\OpcodeHandle\Surface Mode\SurfaceMode_Context.c">
      <Filter>Application\DSX\Source\OpcodeHandle</Filter>
    </ClCompile>
    <ClCompile Include="..\OpcodeHandle\Menu\Set SP\Menu_SetSP_AutoHigh_Cfg.c">
      <Filter>Application\DSX\Source\OpcodeHandle</Filter>
    </ClCompile>
    <ClCompile Include="..\OpcodeHandle\Menu\Set SP\Menu_SetSP_AutoLow_Cfg.c">
      <Filter>Application\DSX\Source\OpcodeHandle</Filter>
    </ClCompile>
    <ClCompile Include="..\OpcodeHandle\Menu\Set SP\Menu_SetSP_HighSP_Cfg.c">
      <Filter>Application\DSX\Source\OpcodeHandle</Filter>
    </ClCompile>
    <ClCompile Include="..\OpcodeHandle\Menu\Set SP\Menu_SetSP_MainPage.c">
      <Filter>Application\DSX\Source\OpcodeHandle</Filter>
    </ClCompile>
    <ClCompile Include="..\OpcodeHandle\Menu\Set SP\Menu_SetSP_MainPage_Cfg.c">
      <Filter>Application\DSX\Source\OpcodeHandle</Filter>
    </ClCompile>
    <ClCompile Include="..\OpcodeHandle\Menu\Set SP\Menu_SetSP_LowSP_Cfg.c">
      <Filter>Application\DSX\Source\OpcodeHandle</Filter>
    </ClCompile>
    <ClCompile Include="..\OpcodeHandle\Menu\Set SP\Menu_SetSP_CustomSP_Cfg.c">
      <Filter>Application\DSX\Source\OpcodeHandle</Filter>
    </ClCompile>
    <ClCompile Include="..\OpcodeHandle\Menu\Set Menu\Menu_SetMenu_Cfg.c">
      <Filter>Application\DSX\Source\OpcodeHandle</Filter>
    </ClCompile>
    <ClCompile Include="..\OpcodeHandle\Menu\Device Settings\Menu_DeviceSettings_Bluetooth_Cfg.c">
      <Filter>Application\DSX\Source\OpcodeHandle</Filter>
    </ClCompile>
    <ClCompile Include="..\OpcodeHandle\Menu\Device Settings\Menu_DeviceSettings_MainPage.c">
      <Filter>Application\DSX\Source\OpcodeHandle</Filter>
    </ClCompile>
    <ClCompile Include="..\OpcodeHandle\Menu\Device Settings\Menu_DeviceSettings_MainPage_Cfg.c">
      <Filter>Application\DSX\Source\OpcodeHandle</Filter>
    </ClCompile>
    <ClCompile Include="..\OpcodeHandle\Menu\Device Settings\Menu_DeviceSettings_SampleRate_Cfg.c">
      <Filter>Application\DSX\Source\OpcodeHandle</Filter>
    </ClCompile>
    <ClCompile Include="..\OpcodeHandle\Menu\Device Settings\Menu_DeviceSettings_Units_Cfg.c">
      <Filter>Application\DSX\Source\OpcodeHandle</Filter>
    </ClCompile>
    <ClCompile Include="..\OpcodeHandle\Menu\Device Settings\Menu_DeviceSettings_WaterType_Cfg.c">
      <Filter>Application\DSX\Source\OpcodeHandle</Filter>
    </ClCompile>
    <ClCompile Include="..\OpcodeHandle\Menu\Device Settings\Menu_DeviceSettings_WelcomeScreen_Cfg.c">
      <Filter>Application\DSX\Source\OpcodeHandle</Filter>
    </ClCompile>
    <ClCompile Include="..\OpcodeHandle\Menu\Display Settings\Menu_DisplaySettings_Brightness_Cfg.c">
      <Filter>Application\DSX\Source\OpcodeHandle</Filter>
    </ClCompile>
    <ClCompile Include="..\OpcodeHandle\Menu\Display Settings\Menu_DisplaySettings_FlipScreen.c">
      <Filter>Application\DSX\Source\OpcodeHandle</Filter>
    </ClCompile>
    <ClCompile Include="..\OpcodeHandle\Menu\Display Settings\Menu_DisplaySettings_FlipScreen_Cfg.c">
      <Filter>Application\DSX\Source\OpcodeHandle</Filter>
    </ClCompile>
    <ClCompile Include="..\OpcodeHandle\Menu\Display Settings\Menu_DisplaySettings_Language.c">
      <Filter>Application\DSX\Source\OpcodeHandle</Filter>
    </ClCompile>
    <ClCompile Include="..\OpcodeHandle\Menu\Display Settings\Menu_DisplaySettings_MainDisplay_3rdRowLeft.c">
      <Filter>Application\DSX\Source\OpcodeHandle</Filter>
    </ClCompile>
    <ClCompile Include="..\OpcodeHandle\Menu\Display Settings\Menu_DisplaySettings_MainDisplay_3rdRowLeft_Cfg.c">
      <Filter>Application\DSX\Source\OpcodeHandle</Filter>
    </ClCompile>
    <ClCompile Include="..\OpcodeHandle\Menu\Display Settings\Menu_DisplaySettings_MainDisplay_3rdRowRight.c">
      <Filter>Application\DSX\Source\OpcodeHandle</Filter>
    </ClCompile>
    <ClCompile Include="..\OpcodeHandle\Menu\Display Settings\Menu_DisplaySettings_MainDisplay_3rdRowRight_Cfg.c">
      <Filter>Application\DSX\Source\OpcodeHandle</Filter>
    </ClCompile>
    <ClCompile Include="..\OpcodeHandle\Menu\Display Settings\Menu_DisplaySettings_MainDisplay_Extralarge.c">
      <Filter>Application\DSX\Source\OpcodeHandle</Filter>
    </ClCompile>
    <ClCompile Include="..\OpcodeHandle\Menu\Display Settings\Menu_DisplaySettings_MainDisplay_Extralarge_Cfg.c">
      <Filter>Application\DSX\Source\OpcodeHandle</Filter>
    </ClCompile>
    <ClCompile Include="..\OpcodeHandle\Menu\Display Settings\Menu_DisplaySettings_MainDisplay_GFBGorN2Bar.c">
      <Filter>Application\DSX\Source\OpcodeHandle</Filter>
    </ClCompile>
    <ClCompile Include="..\OpcodeHandle\Menu\Display Settings\Menu_DisplaySettings_MainDisplay_GFBGorN2Bar_Cfg.c">
      <Filter>Application\DSX\Source\OpcodeHandle</Filter>
    </ClCompile>
    <ClCompile Include="..\OpcodeHandle\Menu\Display Settings\Menu_DisplaySettings_MainDisplay_MainPage.c">
      <Filter>Application\DSX\Source\OpcodeHandle</Filter>
    </ClCompile>
    <ClCompile Include="..\OpcodeHandle\Menu\Display Settings\Menu_DisplaySettings_MainPage.c">
      <Filter>Application\DSX\Source\OpcodeHandle</Filter>
    </ClCompile>
    <ClCompile Include="..\OpcodeHandle\Menu\Display Settings\Menu_DisplaySettings_MainPage_Cfg.c">
      <Filter>Application\DSX\Source\OpcodeHandle</Filter>
    </ClCompile>
    <ClCompile Include="..\OpcodeHandle\Menu\Display Settings\Menu_DisplaySettings_TitlesColor.c">
      <Filter>Application\DSX\Source\OpcodeHandle</Filter>
    </ClCompile>
    <ClCompile Include="..\OpcodeHandle\Menu\Display Settings\Menu_DisplaySettings_TitlesColor_Cfg.c">
      <Filter>Application\DSX\Source\OpcodeHandle</Filter>
    </ClCompile>
    <ClCompile Include="..\OpcodeHandle\Menu\Display Settings\Menu_DisplaySettings_Autodim.c">
      <Filter>Application\DSX\Source\OpcodeHandle</Filter>
    </ClCompile>
    <ClCompile Include="..\OpcodeHandle\Menu\Display Settings\Menu_DisplaySettings_Autodim_Cfg.c">
      <Filter>Application\DSX\Source\OpcodeHandle</Filter>
    </ClCompile>
    <ClCompile Include="..\OpcodeHandle\Menu\Display Settings\Menu_DisplaySettings_Brightness.c">
      <Filter>Application\DSX\Source\OpcodeHandle</Filter>
    </ClCompile>
    <ClCompile Include="..\OpcodeHandle\Menu\Set Alarms\Set Alarms Audible Virbration\Menu_SetAlarms_AudibleVibration_Vibaration.c">
      <Filter>Application\DSX\Source\OpcodeHandle</Filter>
    </ClCompile>
    <ClCompile Include="..\OpcodeHandle\Menu\Set Alarms\Set Alarms Audible Virbration\Menu_SetAlarms_AudibleVibration_Vibaration_Cfg.c">
      <Filter>Application\DSX\Source\OpcodeHandle</Filter>
    </ClCompile>
    <ClCompile Include="..\OpcodeHandle\Menu\Set Alarms\Set Alarms Audible Virbration\Menu_SetAlarms_AudibleVibration_Audible.c">
      <Filter>Application\DSX\Source\OpcodeHandle</Filter>
    </ClCompile>
    <ClCompile Include="..\OpcodeHandle\Menu\Set Alarms\Set Alarms Audible Virbration\Menu_SetAlarms_AudibleVibration_Audible_Cfg.c">
      <Filter>Application\DSX\Source\OpcodeHandle</Filter>
    </ClCompile>
    <ClCompile Include="..\OpcodeHandle\Menu\Set Alarms\Set Alarms Audible Virbration\Menu_SetAlarms_AudibleVibration_Cfg.c">
      <Filter>Application\DSX\Source\OpcodeHandle</Filter>
    </ClCompile>
    <ClCompile Include="..\OpcodeHandle\Menu\Set Alarms\Set Alarms Audible Virbration\Menu_SetAlarms_AudibleVibration_MainPage.c">
      <Filter>Application\DSX\Source\OpcodeHandle</Filter>
    </ClCompile>
    <ClCompile Include="..\OpcodeHandle\Menu\Display Settings\Menu_DisplaySettings_Language_Cfg.c">
      <Filter>Application\DSX\Source\OpcodeHandle</Filter>
    </ClCompile>
    <ClCompile Include="..\OpcodeHandle\Menu\Set Alarms\Set Alarms CC6 Press\Menu_SetAlarms_CC6Press_Cfg.c">
      <Filter>Application\DSX\Source\OpcodeHandle</Filter>
    </ClCompile>
    <ClCompile Include="..\OpcodeHandle\Menu\Set Alarms\Set Alarms Depth\Menu_SetAlarms_DEPTH_Cfg.c">
      <Filter>Application\DSX\Source\OpcodeHandle</Filter>
    </ClCompile>
    <ClCompile Include="..\OpcodeHandle\Menu\Set Alarms\Set Alarms Dive Time TTS\Menu_SetAlarms_DiveTimeTTS_MainPage.c">
      <Filter>Application\DSX\Source\OpcodeHandle</Filter>
    </ClCompile>
    <ClCompile Include="..\OpcodeHandle\Menu\Set Alarms\Set Alarms Dive Time TTS\Menu_SetAlarms_DiveTimeTTS_TTS.c">
      <Filter>Application\DSX\Source\OpcodeHandle</Filter>
    </ClCompile>
    <ClCompile Include="..\OpcodeHandle\Menu\Set Alarms\Set Alarms Dive Time TTS\Menu_SetAlarms_DiveTimeTTS_Context.c">
      <Filter>Application\DSX\Source\OpcodeHandle</Filter>
    </ClCompile>
    <ClCompile Include="..\OpcodeHandle\Menu\Set Alarms\Set Alarms Dive Time TTS\Menu_SetAlarms_DiveTimeTTS_DiveTime.c">
      <Filter>Application\DSX\Source\OpcodeHandle</Filter>
    </ClCompile>
    <ClCompile Include="..\OpcodeHandle\Menu\Set Alarms\Set Alarms DTR\Menu_SetAlarms_DTR_Cfg.c">
      <Filter>Application\DSX\Source\OpcodeHandle</Filter>
    </ClCompile>
    <ClCompile Include="..\OpcodeHandle\Menu\Set Alarms\Set Alarms GF N2\Menu_SetAlarms_GFN2_Context.c">
      <Filter>Application\DSX\Source\OpcodeHandle</Filter>
    </ClCompile>
    <ClCompile Include="..\OpcodeHandle\Menu\Set Alarms\Set Alarms GF N2\Menu_SetAlarms_GFN2.c">
      <Filter>Application\DSX\Source\OpcodeHandle</Filter>
    </ClCompile>
    <ClCompile Include="..\OpcodeHandle\Menu\Set Date and Time\Menu_DateAndTime_DateFormat_Cfg.c">
      <Filter>Application\DSX\Source\OpcodeHandle</Filter>
    </ClCompile>
    <ClCompile Include="..\OpcodeHandle\Menu\Set Date and Time\Menu_DateAndTime_DateFormat.c">
      <Filter>Application\DSX\Source\OpcodeHandle</Filter>
    </ClCompile>
    <ClCompile Include="..\OpcodeHandle\Menu\Set Date and Time\Menu_DateAndTime_Date_Cfg.c">
      <Filter>Application\DSX\Source\OpcodeHandle</Filter>
    </ClCompile>
    <ClCompile Include="..\OpcodeHandle\Menu\Set Date and Time\Menu_DateAndTime_Date.c">
      <Filter>Application\DSX\Source\OpcodeHandle</Filter>
    </ClCompile>
    <ClCompile Include="..\OpcodeHandle\Menu\Set Date and Time\Menu_DateAndTime_TimeFormat_Cfg.c">
      <Filter>Application\DSX\Source\OpcodeHandle</Filter>
    </ClCompile>
    <ClCompile Include="..\OpcodeHandle\Menu\Set Date and Time\Menu_DateAndTime_TimeFormat.c">
      <Filter>Application\DSX\Source\OpcodeHandle</Filter>
    </ClCompile>
    <ClCompile Include="..\OpcodeHandle\Menu\Set Date and Time\Menu_DateAndTime_Time_Cfg.c">
      <Filter>Application\DSX\Source\OpcodeHandle</Filter>
    </ClCompile>
    <ClCompile Include="..\OpcodeHandle\Menu\Set Date and Time\Menu_DateAndTime_Time.c">
      <Filter>Application\DSX\Source\OpcodeHandle</Filter>
    </ClCompile>
    <ClCompile Include="..\OpcodeHandle\Menu\Set Date and Time\Menu_DateAndTime_MainPage_Cfg.c">
      <Filter>Application\DSX\Source\OpcodeHandle</Filter>
    </ClCompile>
    <ClCompile Include="..\OpcodeHandle\Menu\Set Date and Time\Menu_DateAndTime_MainPage.c">
      <Filter>Application\DSX\Source\OpcodeHandle</Filter>
    </ClCompile>
    <ClCompile Include="..\OpcodeHandle\Menu\SP Switch\Menu_SPSwitch_Cfg.c">
      <Filter>Application\DSX\Source\OpcodeHandle</Filter>
    </ClCompile>
    <ClCompile Include="..\OpcodeHandle\Menu\Dive Settings\Menu_DiveSettings_BailOutPO2Limit_Cfg.c">
      <Filter>Application\DSX\Source\OpcodeHandle</Filter>
    </ClCompile>
    <ClCompile Include="..\OpcodeHandle\Menu\Dive Settings\Menu_DiveSettings_BailOutPO2Limit_DECO.c">
      <Filter>Application\DSX\Source\OpcodeHandle</Filter>
    </ClCompile>
    <ClCompile Include="..\OpcodeHandle\Menu\Dive Settings\Menu_DiveSettings_BailOutPO2Limit_DECO_Cfg.c">
      <Filter>Application\DSX\Source\OpcodeHandle</Filter>
    </ClCompile>
    <ClCompile Include="..\OpcodeHandle\Menu\Dive Settings\Menu_DiveSettings_BailOutPO2Limit_MainPage.c">
      <Filter>Application\DSX\Source\OpcodeHandle</Filter>
    </ClCompile>
    <ClCompile Include="..\OpcodeHandle\Menu\Dive Settings\Menu_DiveSettings_BailOutPO2Limit_MAX.c">
      <Filter>Application\DSX\Source\OpcodeHandle</Filter>
    </ClCompile>
    <ClCompile Include="..\OpcodeHandle\Menu\Dive Settings\Menu_DiveSettings_BailOutPO2Limit_MAX_Cfg.c">
      <Filter>Application\DSX\Source\OpcodeHandle</Filter>
    </ClCompile>
    <ClCompile Include="..\OpcodeHandle\Menu\Dive Settings\Menu_DiveSettings_BailOutPO2Limit_MIN.c">
      <Filter>Application\DSX\Source\OpcodeHandle</Filter>
    </ClCompile>
    <ClCompile Include="..\OpcodeHandle\Menu\Dive Settings\Menu_DiveSettings_BailOutPO2Limit_MIN_Cfg.c">
      <Filter>Application\DSX\Source\OpcodeHandle</Filter>
    </ClCompile>
    <ClCompile Include="..\OpcodeHandle\Menu\Dive Settings\Menu_DiveSettings_Conservatism_SPORT.c">
      <Filter>Application\DSX\Source\OpcodeHandle</Filter>
    </ClCompile>
    <ClCompile Include="..\OpcodeHandle\Menu\Dive Settings\Menu_DiveSettings_Conservatism_SPORT_Cfg.c">
      <Filter>Application\DSX\Source\OpcodeHandle</Filter>
    </ClCompile>
    <ClCompile Include="..\OpcodeHandle\Menu\Dive Settings\Menu_DiveSettings_Conservatism_TEC_Cfg.c">
      <Filter>Application\DSX\Source\OpcodeHandle</Filter>
    </ClCompile>
    <ClCompile Include="..\OpcodeHandle\Menu\Dive Settings\Menu_DiveSettings_Conservatism_TEC_HIGH.c">
      <Filter>Application\DSX\Source\OpcodeHandle</Filter>
    </ClCompile>
    <ClCompile Include="..\OpcodeHandle\Menu\Dive Settings\Menu_DiveSettings_Conservatism_TEC_HIGH_Cfg.c">
      <Filter>Application\DSX\Source\OpcodeHandle</Filter>
    </ClCompile>
    <ClCompile Include="..\OpcodeHandle\Menu\Dive Settings\Menu_DiveSettings_Conservatism_TEC_LOW.c">
      <Filter>Application\DSX\Source\OpcodeHandle</Filter>
    </ClCompile>
    <ClCompile Include="..\OpcodeHandle\Menu\Dive Settings\Menu_DiveSettings_Conservatism_TEC_LOW_Cfg.c">
      <Filter>Application\DSX\Source\OpcodeHandle</Filter>
    </ClCompile>
    <ClCompile Include="..\OpcodeHandle\Menu\Dive Settings\Menu_DiveSettings_Conservatism_TEC_MainPage.c">
      <Filter>Application\DSX\Source\OpcodeHandle</Filter>
    </ClCompile>
    <ClCompile Include="..\OpcodeHandle\Menu\Dive Settings\Menu_DiveSettings_LastStopDepth.c">
      <Filter>Application\DSX\Source\OpcodeHandle</Filter>
    </ClCompile>
    <ClCompile Include="..\OpcodeHandle\Menu\Dive Settings\Menu_DiveSettings_MainPage.c">
      <Filter>Application\DSX\Source\OpcodeHandle</Filter>
    </ClCompile>
    <ClCompile Include="..\OpcodeHandle\Menu\Dive Settings\Menu_DiveSettings_MainPage_Cfg.c">
      <Filter>Application\DSX\Source\OpcodeHandle</Filter>
    </ClCompile>
    <ClCompile Include="..\OpcodeHandle\Menu\Dive Settings\Menu_DiveSettings_SafetyStop.c">
      <Filter>Application\DSX\Source\OpcodeHandle</Filter>
    </ClCompile>
    <ClCompile Include="..\OpcodeHandle\Menu\Dive Settings\Menu_DiveSettings_SafetyStop_Cfg.c">
      <Filter>Application\DSX\Source\OpcodeHandle</Filter>
    </ClCompile>
    <ClCompile Include="..\OpcodeHandle\Menu\Dive Settings\Menu_DiveSettings_SetDiveMode.c">
      <Filter>Application\DSX\Source\OpcodeHandle</Filter>
    </ClCompile>
    <ClCompile Include="..\OpcodeHandle\Menu\Dive Settings\Menu_DiveSettings_SetDiveMode_Cfg.c">
      <Filter>Application\DSX\Source\OpcodeHandle</Filter>
    </ClCompile>
    <ClCompile Include="..\OpcodeHandle\Menu\Device Settings\Transmitter Settings\Menu_DeviceSettings_Transmitter_MainPage_Cfg.c">
      <Filter>Application\DSX\Source\OpcodeHandle</Filter>
    </ClCompile>
    <ClCompile Include="..\OpcodeHandle\Menu\Device Settings\Transmitter Settings\Menu_DeviceSettings_Transmitter_TMT_1.c">
      <Filter>Application\DSX\Source\OpcodeHandle</Filter>
    </ClCompile>
    <ClCompile Include="..\OpcodeHandle\Menu\Device Settings\Transmitter Settings\Menu_DeviceSettings_Transmitter_TMT_1_Cfg.c">
      <Filter>Application\DSX\Source\OpcodeHandle</Filter>
    </ClCompile>
    <ClCompile Include="..\OpcodeHandle\Menu\Device Settings\Transmitter Settings\Menu_DeviceSettings_Transmitter_MainPage.c">
      <Filter>Application\DSX\Source\OpcodeHandle</Filter>
    </ClCompile>
    <ClCompile Include="..\OpcodeHandle\Menu\Device Settings\Transmitter Settings\Menu_DeviceSettings_Transmitter_TMT_6.c">
      <Filter>Application\DSX\Source\OpcodeHandle</Filter>
    </ClCompile>
    <ClCompile Include="..\OpcodeHandle\Menu\Device Settings\Transmitter Settings\Menu_DeviceSettings_Transmitter_TMT_6_Cfg.c">
      <Filter>Application\DSX\Source\OpcodeHandle</Filter>
    </ClCompile>
    <ClCompile Include="..\OpcodeHandle\Menu\Device Settings\Transmitter Settings\Menu_DeviceSettings_Transmitter_TMT_2.c">
      <Filter>Application\DSX\Source\OpcodeHandle</Filter>
    </ClCompile>
    <ClCompile Include="..\OpcodeHandle\Menu\Device Settings\Transmitter Settings\Menu_DeviceSettings_Transmitter_TMT_2_Cfg.c">
      <Filter>Application\DSX\Source\OpcodeHandle</Filter>
    </ClCompile>
    <ClCompile Include="..\OpcodeHandle\Menu\Device Settings\Transmitter Settings\Menu_DeviceSettings_Transmitter_TMT_3.c">
      <Filter>Application\DSX\Source\OpcodeHandle</Filter>
    </ClCompile>
    <ClCompile Include="..\OpcodeHandle\Menu\Device Settings\Transmitter Settings\Menu_DeviceSettings_Transmitter_TMT_3_Cfg.c">
      <Filter>Application\DSX\Source\OpcodeHandle</Filter>
    </ClCompile>
    <ClCompile Include="..\OpcodeHandle\Menu\Device Settings\Transmitter Settings\Menu_DeviceSettings_Transmitter_TMT_4.c">
      <Filter>Application\DSX\Source\OpcodeHandle</Filter>
    </ClCompile>
    <ClCompile Include="..\OpcodeHandle\Menu\Device Settings\Transmitter Settings\Menu_DeviceSettings_Transmitter_TMT_4_Cfg.c">
      <Filter>Application\DSX\Source\OpcodeHandle</Filter>
    </ClCompile>
    <ClCompile Include="..\OpcodeHandle\Menu\Device Settings\Transmitter Settings\Menu_DeviceSettings_Transmitter_TMT_5.c">
      <Filter>Application\DSX\Source\OpcodeHandle</Filter>
    </ClCompile>
    <ClCompile Include="..\OpcodeHandle\Menu\Device Settings\Transmitter Settings\Menu_DeviceSettings_Transmitter_TMT_5_Cfg.c">
      <Filter>Application\DSX\Source\OpcodeHandle</Filter>
    </ClCompile>
    <ClCompile Include="..\OpcodeHandle\Menu\Set Alarms\SetAlarms_EndWobIcd\Menu_SetAlarms_EndWobIcd_Cfg.c">
      <Filter>Application\DSX\Source\OpcodeHandle</Filter>
    </ClCompile>
    <ClCompile Include="..\OpcodeHandle\Menu\Main Menu\Menu_MainMenu.c">
      <Filter>Application\DSX\Source\OpcodeHandle</Filter>
    </ClCompile>
    <ClCompile Include="..\OpcodeHandle\Menu\Main Menu\Menu_MainMenu_Context.c">
      <Filter>Application\DSX\Source\OpcodeHandle</Filter>
    </ClCompile>
    <ClCompile Include="..\OpcodeHandle\Menu\Main Menu\Main_Menu_LOG\Menu_MainMenu_LOG_Config.c">
      <Filter>Application\DSX\Source\OpcodeHandle</Filter>
    </ClCompile>
    <ClCompile Include="..\OpcodeHandle\Menu\Main Menu\Main_Menu_LOG\Menu_MainMenu_LOG_1.c">
      <Filter>Application\DSX\Source\OpcodeHandle</Filter>
    </ClCompile>
    <ClCompile Include="..\OpcodeHandle\Menu\Main Menu\Main_Menu_LOG\Menu_MainMenu_LOG_2.c">
      <Filter>Application\DSX\Source\OpcodeHandle</Filter>
    </ClCompile>
    <ClCompile Include="..\OpcodeHandle\Menu\Main Menu\Main_Menu_LOG\Menu_MainMenu_LOG_3.c">
      <Filter>Application\DSX\Source\OpcodeHandle</Filter>
    </ClCompile>
    <ClCompile Include="..\OpcodeHandle\Menu\Main Menu\Main_Menu_LOG\Menu_MainMenu_LOG_4.c">
      <Filter>Application\DSX\Source\OpcodeHandle</Filter>
    </ClCompile>
    <ClCompile Include="..\OpcodeHandle\Menu\Main Menu\Main_Menu_LOG\Menu_MainMenu_LOG_5.c">
      <Filter>Application\DSX\Source\OpcodeHandle</Filter>
    </ClCompile>
    <ClCompile Include="..\OpcodeHandle\Menu\Main Menu\Main_Menu_INFO\Menu_MainMenu_Info_HISTORY.c">
      <Filter>Application\DSX\Source\OpcodeHandle</Filter>
    </ClCompile>
    <ClCompile Include="..\OpcodeHandle\Menu\Main Menu\Main_Menu_INFO\Menu_MainMenu_Info_MYINFO.c">
      <Filter>Application\DSX\Source\OpcodeHandle</Filter>
    </ClCompile>
    <ClCompile Include="..\OpcodeHandle\Menu\Main Menu\Main_Menu_INFO\Menu_MainMenu_Info.c">
      <Filter>Application\DSX\Source\OpcodeHandle</Filter>
    </ClCompile>
    <ClCompile Include="..\OpcodeHandle\Menu\Main Menu\Main_Menu_INFO\Menu_MainMenu_Info_Cfg.c">
      <Filter>Application\DSX\Source\OpcodeHandle</Filter>
    </ClCompile>
    <ClCompile Include="..\OpcodeHandle\Menu\Main Menu\Main_Menu_INFO\Menu_MainMenu_Info_Context.c">
      <Filter>Application\DSX\Source\OpcodeHandle</Filter>
    </ClCompile>
    <ClCompile Include="..\OpcodeHandle\Menu\Main Menu\Main_Menu_INFO\Menu_MainMenu_Info_DSXINFO.c">
      <Filter>Application\DSX\Source\OpcodeHandle</Filter>
    </ClCompile>
    <ClCompile Include="..\OpcodeHandle\Menu\Set Gases\Menu_SetGases_Page_SetOnOffSet.c">
      <Filter>Application\DSX\Source\OpcodeHandle</Filter>
    </ClCompile>
    <ClCompile Include="..\OpcodeHandle\Menu\Set Gases\Menu_SetGases_Page_SetTMT.c">
      <Filter>Application\DSX\Source\OpcodeHandle</Filter>
    </ClCompile>
    <ClCompile Include="..\OpcodeHandle\Menu\Set Gases\Menu_SetGases_Page_Warning_FHe.c">
      <Filter>Application\DSX\Source\OpcodeHandle</Filter>
    </ClCompile>
    <ClCompile Include="..\OpcodeHandle\Menu\Set Gases\Menu_SetGases_Page_Warning_SetGasOff.c">
      <Filter>Application\DSX\Source\OpcodeHandle</Filter>
    </ClCompile>
    <ClCompile Include="..\OpcodeHandle\Menu\Set Gases\Menu_SetGases_Page_Warning_TMT.c">
      <Filter>Application\DSX\Source\OpcodeHandle</Filter>
    </ClCompile>
    <ClCompile Include="..\OpcodeHandle\Menu\Set Gases\Menu_SetGases_Context_GetData.c">
      <Filter>Application\DSX\Source\OpcodeHandle</Filter>
    </ClCompile>
    <ClCompile Include="..\OpcodeHandle\Menu\Set Gases\Menu_SetGases_Context_Main.c">
      <Filter>Application\DSX\Source\OpcodeHandle</Filter>
    </ClCompile>
    <ClCompile Include="..\OpcodeHandle\Menu\Set Gases\Menu_SetGases_Context_OnOffSet.c">
      <Filter>Application\DSX\Source\OpcodeHandle</Filter>
    </ClCompile>
    <ClCompile Include="..\OpcodeHandle\Menu\Set Gases\Menu_SetGases_Context_SetFHe.c">
      <Filter>Application\DSX\Source\OpcodeHandle</Filter>
    </ClCompile>
    <ClCompile Include="..\OpcodeHandle\Menu\Set Gases\Menu_SetGases_Context_SetFO2.c">
      <Filter>Application\DSX\Source\OpcodeHandle</Filter>
    </ClCompile>
    <ClCompile Include="..\OpcodeHandle\Menu\Set Gases\Menu_SetGases_Context_SetTMT.c">
      <Filter>Application\DSX\Source\OpcodeHandle</Filter>
    </ClCompile>
    <ClCompile Include="..\OpcodeHandle\Menu\Set Gases\Menu_SetGases_Page_Main.c">
      <Filter>Application\DSX\Source\OpcodeHandle</Filter>
    </ClCompile>
    <ClCompile Include="..\OpcodeHandle\Menu\Set Gases\Menu_SetGases_Page_SetFHe.c">
      <Filter>Application\DSX\Source\OpcodeHandle</Filter>
    </ClCompile>
    <ClCompile Include="..\OpcodeHandle\Menu\Set Gases\Menu_SetGases_Page_SetFO2.c">
      <Filter>Application\DSX\Source\OpcodeHandle</Filter>
    </ClCompile>
    <ClCompile Include="..\OpcodeHandle\Menu\Set Gases\ContextSetGasesCfg.c">
      <Filter>Application\DSX\Source\OpcodeHandle</Filter>
    </ClCompile>
    <ClCompile Include="..\OpcodeHandle\Menu\Set Gases\Mode_SetGases_Cfg.c">
      <Filter>Application\DSX\Source\OpcodeHandle</Filter>
    </ClCompile>
    <ClCompile Include="..\OpcodeHandle\Menu\Set Gases\Set_O2_Analyzer\Mode_O2Analyzer_Cfg.c">
      <Filter>Application\DSX\Source\OpcodeHandle</Filter>
    </ClCompile>
    <ClCompile Include="..\OpcodeHandle\Menu\Set Gases\Set_O2_Analyzer\Menu_O2Analyzer_Page_Main.c">
      <Filter>Application\DSX\Source\OpcodeHandle</Filter>
    </ClCompile>
    <ClCompile Include="..\OpcodeHandle\Menu\Set Gases\Set_O2_Analyzer\Menu_O2Analyzer_Context_Calibrate_NoO2CellFound.c">
      <Filter>Application\DSX\Source\OpcodeHandle</Filter>
    </ClCompile>
    <ClCompile Include="..\OpcodeHandle\Menu\Set Gases\Set_O2_Analyzer\Menu_O2Analyzer_Context_Calibrate_ReadingO2Cell.c">
      <Filter>Application\DSX\Source\OpcodeHandle</Filter>
    </ClCompile>
    <ClCompile Include="..\OpcodeHandle\Menu\Set Gases\Set_O2_Analyzer\Menu_O2Analyzer_Context_Calibrate_ReadyCalibaration.c">
      <Filter>Application\DSX\Source\OpcodeHandle</Filter>
    </ClCompile>
    <ClCompile Include="..\OpcodeHandle\Menu\Set Gases\Set_O2_Analyzer\Menu_O2Analyzer_Context_Calibrate_SetPoint.c">
      <Filter>Application\DSX\Source\OpcodeHandle</Filter>
    </ClCompile>
    <ClCompile Include="..\OpcodeHandle\Menu\Set Gases\Set_O2_Analyzer\Menu_O2Analyzer_Context_Main.c">
      <Filter>Application\DSX\Source\OpcodeHandle</Filter>
    </ClCompile>
    <ClCompile Include="..\OpcodeHandle\Menu\Set Gases\Set_O2_Analyzer\Menu_O2Analyzer_Page_Calibrate.c">
      <Filter>Application\DSX\Source\OpcodeHandle</Filter>
    </ClCompile>
    <ClCompile Include="..\OpcodeHandle\Menu\Set Gases\Set_O2_Analyzer\Menu_O2Analyzer_Context_Calibrate_O2CellDepleted.c">
      <Filter>Application\DSX\Source\OpcodeHandle</Filter>
    </ClCompile>
    <ClCompile Include="..\OpcodeHandle\Menu\Set Gases\Set_O2_Analyzer\Menu_O2Analyzer_Context_Calibrate_CalibrationReport.c">
      <Filter>Application\DSX\Source\OpcodeHandle</Filter>
    </ClCompile>
    <ClCompile Include="..\OpcodeHandle\Menu\Set Gases\Set_O2_Analyzer\Menu_O2Analyzer_Context_Calibrate_O2CalibrationComplete.c">
      <Filter>Application\DSX\Source\OpcodeHandle</Filter>
    </ClCompile>
    <ClCompile Include="..\OpcodeHandle\Menu\Set Gases\Set_O2_Analyzer\Menu_O2Analyzer_Page_Analyzer.c">
      <Filter>Application\DSX\Source\OpcodeHandle</Filter>
    </ClCompile>
    <ClCompile Include="..\OpcodeHandle\Menu\Set Gases\Set_O2_Analyzer\Menu_O2Analyzer_Context_Analyzer_CalibrationWarning.c">
      <Filter>Application\DSX\Source\OpcodeHandle</Filter>
    </ClCompile>
    <ClCompile Include="..\OpcodeHandle\Menu\Set Gases\Set_O2_Analyzer\Menu_O2Analyzer_Context_Analyzer_ReadyAnalyzing.c">
      <Filter>Application\DSX\Source\OpcodeHandle</Filter>
    </ClCompile>
    <ClCompile Include="..\OpcodeHandle\Menu\Set Gases\Set_O2_Analyzer\Menu_O2Analyzer_Context_Analyzer_Analyzing.c">
      <Filter>Application\DSX\Source\OpcodeHandle</Filter>
    </ClCompile>
    <ClCompile Include="..\OpcodeHandle\Menu\Set Gases\Set_O2_Analyzer\Menu_O2Analyzer_Context_Analyzer_AnalysisResultConfirmation.c">
      <Filter>Application\DSX\Source\OpcodeHandle</Filter>
    </ClCompile>
    <ClCompile Include="..\OpcodeHandle\Menu\Set Gases\Set_O2_Analyzer\Menu_O2Analyzer_Context_Analyzer_ConfirmAnalyzerGas.c">
      <Filter>Application\DSX\Source\OpcodeHandle</Filter>
    </ClCompile>
    <ClCompile Include="..\OpcodeHandle\Menu\Set Gases\Set_O2_Analyzer\Menu_O2Analyzer_Context_Analyzer_SelectGasList.c">
      <Filter>Application\DSX\Source\OpcodeHandle</Filter>
    </ClCompile>
    <ClCompile Include="..\OpcodeHandle\Menu\Dive Planner\Mode_DivePlanner_Cfg.c">
      <Filter>Application\DSX\Source\OpcodeHandle</Filter>
    </ClCompile>
    <ClCompile Include="..\OpcodeHandle\Menu\Dive Planner\ContextDivePlannerCfg.c">
      <Filter>Application\DSX\Source\OpcodeHandle</Filter>
    </ClCompile>
    <ClCompile Include="..\OpcodeHandle\Menu\Dive Planner\Menu_DivePlanner_Page_TimeLimits.c">
      <Filter>Application\DSX\Source\OpcodeHandle</Filter>
    </ClCompile>
    <ClCompile Include="..\OpcodeHandle\Menu\Dive Planner\Menu_DivePlanner_Context_Main.c">
      <Filter>Application\DSX\Source\OpcodeHandle</Filter>
    </ClCompile>
    <ClCompile Include="..\OpcodeHandle\Menu\Dive Planner\Menu_DivePlanner_Page_DepthLimits.c">
      <Filter>Application\DSX\Source\OpcodeHandle</Filter>
    </ClCompile>
    <ClCompile Include="..\OpcodeHandle\Menu\Dive Planner\Menu_DivePlanner_Page_Main.c">
      <Filter>Application\DSX\Source\OpcodeHandle</Filter>
    </ClCompile>
    <ClCompile Include="..\OpcodeHandle\Menu\Dive Planner\Menu_DivePlanner_Context_DepthLimits.c">
      <Filter>Application\DSX\Source\OpcodeHandle</Filter>
    </ClCompile>
    <ClCompile Include="..\OpcodeHandle\Menu\Gas Switch\Menu_GasSwitch_ConditionCheck.c">
      <Filter>Application\DSX\Source\OpcodeHandle</Filter>
    </ClCompile>
    <ClCompile Include="..\OpcodeHandle\Menu\Gas Switch\Menu_GasSwitch_Context.c">
      <Filter>Application\DSX\Source\OpcodeHandle</Filter>
    </ClCompile>
    <ClCompile Include="..\OpcodeHandle\Menu\Gas Switch\Menu_GasSwitch.c">
      <Filter>Application\DSX\Source\OpcodeHandle</Filter>
    </ClCompile>
    <ClCompile Include="..\OpcodeHandle\Menu\GPS Menu\Mode_GPSMenu_Cfg.c">
      <Filter>Application\DSX\Source\OpcodeHandle</Filter>
    </ClCompile>
    <ClCompile Include="..\OpcodeHandle\Menu\GPS Menu\ContextGPSMenuCfg.c">
      <Filter>Application\DSX\Source\OpcodeHandle</Filter>
    </ClCompile>
    <ClCompile Include="..\OpcodeHandle\Menu\GPS Menu\Menu_GPSMenu_Page_Main.c">
      <Filter>Application\DSX\Source\OpcodeHandle</Filter>
    </ClCompile>
    <ClCompile Include="..\OpcodeHandle\Menu\GPS Menu\Menu_GPSMenu_Context_Main.c">
      <Filter>Application\DSX\Source\OpcodeHandle</Filter>
    </ClCompile>
    <ClCompile Include="..\OpcodeHandle\Menu\GPS Menu\Menu_GPSMenu_Context_WayFinder.c">
      <Filter>Application\DSX\Source\OpcodeHandle</Filter>
    </ClCompile>
    <ClCompile Include="..\OpcodeHandle\Menu\GPS Menu\Menu_GPSMenu_Page_InitializingGPS.c">
      <Filter>Application\DSX\Source\OpcodeHandle</Filter>
    </ClCompile>
    <ClCompile Include="..\OpcodeHandle\Menu\GPS Menu\Menu_GPSMenu_Page_DeleteLocationToSaveNew.c">
      <Filter>Application\DSX\Source\OpcodeHandle</Filter>
    </ClCompile>
    <ClCompile Include="..\OpcodeHandle\Menu\GPS Menu\Menu_GPSMenu_Page_WaitForGpsSignal.c">
      <Filter>Application\DSX\Source\OpcodeHandle</Filter>
    </ClCompile>
    <ClCompile Include="..\OpcodeHandle\Menu\GPS Menu\Menu_GPSMenu_Page_SignalNotFound.c">
      <Filter>Application\DSX\Source\OpcodeHandle</Filter>
    </ClCompile>
    <ClCompile Include="..\OpcodeHandle\Menu\GPS Menu\Menu_GPSMenu_Page_LocationSaved.c">
      <Filter>Application\DSX\Source\OpcodeHandle</Filter>
    </ClCompile>
    <ClCompile Include="..\OpcodeHandle\Menu\GPS Menu\Menu_GPSMenu_Page_SaveLocation.c">
      <Filter>Application\DSX\Source\OpcodeHandle</Filter>
    </ClCompile>
    <ClCompile Include="..\OpcodeHandle\Menu\GPS Menu\Menu_GPSMenu_Page_GoToLocation.c">
      <Filter>Application\DSX\Source\OpcodeHandle</Filter>
    </ClCompile>
    <ClCompile Include="..\OpcodeHandle\Menu\GPS Menu\Menu_GPSMenu_Page_ReachedTarget.c">
      <Filter>Application\DSX\Source\OpcodeHandle</Filter>
    </ClCompile>
    <ClCompile Include="..\OpcodeHandle\Menu\GPS Menu\Menu_GPSMenu_Page_DeleteLocation.c">
      <Filter>Application\DSX\Source\OpcodeHandle</Filter>
    </ClCompile>
    <ClCompile Include="..\OpcodeHandle\Menu\GPS Menu\Menu_GPSMenu_Page_LocationDeleted.c">
      <Filter>Application\DSX\Source\OpcodeHandle</Filter>
    </ClCompile>
    <ClCompile Include="..\OpcodeHandle\Menu\Main Menu\Main_Menu_LOG\Menu_MainMenu_LOG_1_Cfg.c">
      <Filter>Application\DSX\Source\OpcodeHandle</Filter>
    </ClCompile>
    <ClCompile Include="..\OpcodeHandle\Menu\Set Alarms\SetAlarms_EndWobIcd\Menu_SetAlarms_EndWobIcd_O2Narcotic.c">
      <Filter>Application\DSX\Source\OpcodeHandle</Filter>
    </ClCompile>
    <ClCompile Include="..\OpcodeHandle\Menu\Display Settings\Menu_DisplaySettings_GTRLeftRight_Cfg.c">
      <Filter>Application\DSX\Source\OpcodeHandle</Filter>
    </ClCompile>
    <ClCompile Include="..\OpcodeHandle\Menu\Display Settings\Menu_DisplaySettings_GTRLeftRight.c">
      <Filter>Application\DSX\Source\OpcodeHandle</Filter>
    </ClCompile>
    <ClCompile Include="..\OpcodeHandle\Menu\Device Settings\Menu_DeviceSettings_ResetSettings.c">
      <Filter>Application\DSX\Source\OpcodeHandle</Filter>
    </ClCompile>
    <ClCompile Include="..\OpcodeHandle\Menu\Main Menu\Main_Menu_TMT_SWITCH\Menu_MainMenu_TMTSwitch_Context.c">
      <Filter>Application\DSX\Source\OpcodeHandle</Filter>
    </ClCompile>
    <ClCompile Include="..\OpcodeHandle\Menu\Main Menu\Main_Menu_TMT_SWITCH\Menu_MainMenu_TMTSwitch_MainPage.c">
      <Filter>Application\DSX\Source\OpcodeHandle</Filter>
    </ClCompile>
    <ClCompile Include="..\OpcodeHandle\Menu\Main Menu\Main_Menu_TMT_SWITCH\Menu_MainMenu_TMTSwitch_Cfg.c">
      <Filter>Application\DSX\Source\OpcodeHandle</Filter>
    </ClCompile>
    <ClCompile Include="..\OpcodeHandle\Menu\Dive Planner\Menu_DiveSim_MainPage_Context.c">
      <Filter>Application\DSX\Source\OpcodeHandle</Filter>
    </ClCompile>
    <ClCompile Include="..\OpcodeHandle\Menu\Dive Planner\Menu_DiveSim_MainPage.c">
      <Filter>Application\DSX\Source\OpcodeHandle</Filter>
    </ClCompile>
    <ClCompile Include="..\OpcodeHandle\Menu\Dive Planner\Menu_DiveSim_NewOrContinuous_Context.c">
      <Filter>Application\DSX\Source\OpcodeHandle</Filter>
    </ClCompile>
    <ClCompile Include="..\OpcodeHandle\Menu\Dive Planner\Menu_DiveSim_NewOrContinuous.c">
      <Filter>Application\DSX\Source\OpcodeHandle</Filter>
    </ClCompile>
    <ClCompile Include="..\OpcodeHandle\Menu\Dive Planner\Menu_DiveSim_Depth_Context.c">
      <Filter>Application\DSX\Source\OpcodeHandle</Filter>
    </ClCompile>
    <ClCompile Include="..\OpcodeHandle\Menu\Dive Planner\Menu_DiveSim_Depth.c">
      <Filter>Application\DSX\Source\OpcodeHandle</Filter>
    </ClCompile>
    <ClCompile Include="..\OpcodeHandle\Menu\Dive Planner\Menu_DiveSim_Time_Context.c">
      <Filter>Application\DSX\Source\OpcodeHandle</Filter>
    </ClCompile>
    <ClCompile Include="..\OpcodeHandle\Menu\Dive Planner\Menu_DiveSim_Time.c">
      <Filter>Application\DSX\Source\OpcodeHandle</Filter>
    </ClCompile>
    <ClCompile Include="..\OpcodeHandle\Menu\Dive Planner\Menu_DiveSim_Sac_Context.c">
      <Filter>Application\DSX\Source\OpcodeHandle</Filter>
    </ClCompile>
    <ClCompile Include="..\OpcodeHandle\Menu\Dive Planner\Menu_DiveSim_Sac.c">
      <Filter>Application\DSX\Source\OpcodeHandle</Filter>
    </ClCompile>
    <ClCompile Include="..\OpcodeHandle\Menu\Dive Planner\Menu_DiveSim_Sp_Context.c">
      <Filter>Application\DSX\Source\OpcodeHandle</Filter>
    </ClCompile>
    <ClCompile Include="..\OpcodeHandle\Menu\Dive Planner\Menu_DiveSim_Sp.c">
      <Filter>Application\DSX\Source\OpcodeHandle</Filter>
    </ClCompile>
    <ClCompile Include="..\OpcodeHandle\Menu\Dive Planner\Menu_DiveSim_SimulateDive.c">
      <Filter>Application\DSX\Source\OpcodeHandle</Filter>
    </ClCompile>
    <ClCompile Include="..\OpcodeHandle\Menu\Dive Planner\Menu_DiveSim_SimulateDive Context.c">
      <Filter>Application\DSX\Source\OpcodeHandle</Filter>
    </ClCompile>
    <ClCompile Include="..\OpcodeHandle\Menu\Dive Planner\Menu_DiveSim_SimulateDive_ButtonHandle.c">
      <Filter>Application\DSX\Source\OpcodeHandle</Filter>
    </ClCompile>
    <ClCompile Include="..\OpcodeHandle\Menu\Main Menu\Main_Menu_Slates\Menu_MainMenu_Slates.c">
      <Filter>Application\DSX\Source\OpcodeHandle</Filter>
    </ClCompile>
    <ClCompile Include="..\OpcodeHandle\Menu\Main Menu\Main_Menu_Slates\Menu_MainMenu_Slates_Context.c">
      <Filter>Application\DSX\Source\OpcodeHandle</Filter>
    </ClCompile>
    <ClCompile Include="..\OpcodeHandle\Menu\Main Menu\Main_Menu_Slates\Menu_MainMenu_Slates_ButtonHandle.c">
      <Filter>Application\DSX\Source\OpcodeHandle</Filter>
    </ClCompile>
    <ClCompile Include="..\OpcodeHandle\Menu\Set Gases\Set_O2_Analyzer\Menu_O2Analyzer_Context_Analyzer_SetFHe.c">
      <Filter>Application\DSX\Source\OpcodeHandle</Filter>
    </ClCompile>
    <ClCompile Include="..\OpcodeHandle\BatteryCharging\BatteryChargingSleepMode.c">
      <Filter>Application\DSX\Source\OpcodeHandle</Filter>
    </ClCompile>
    <ClCompile Include="..\OpcodeHandle\Dive Mode\DiveMode_Context.c">
      <Filter>Application\DSX\Source\OpcodeHandle</Filter>
    </ClCompile>
    <ClCompile Include="..\OpcodeHandle\Surface Mode\SurfaceHandle_N2orASCBarCheck.c">
      <Filter>Application\DSX\Source\OpcodeHandle</Filter>
    </ClCompile>
    <ClCompile Include="..\OpcodeHandle\Surface Mode\SurfaceHandle_PressureStatusCheck.c">
      <Filter>Application\DSX\Source\OpcodeHandle</Filter>
    </ClCompile>
    <ClCompile Include="..\OpcodeHandle\Menu\Dive Planner\MenuHandle_DivePlanner_TimeLimitsTittleCheck.c">
      <Filter>Application\DSX\Source\OpcodeHandle</Filter>
    </ClCompile>
    <ClCompile Include="..\OpcodeHandle\Surface Mode\SurfaceHandle_ClearPortionScreen.c">
      <Filter>Application\DSX\Source\OpcodeHandle</Filter>
    </ClCompile>
    <ClCompile Include="..\OpcodeHandle\Surface Mode\SurfaceHandle_DisplayTimeOnSurfaceCheck.c">
      <Filter>Application\DSX\Source\OpcodeHandle</Filter>
    </ClCompile>
    <ClCompile Include="..\OpcodeHandle\Surface Mode\SurfaceHandle_ColorGTR.c">
      <Filter>Application\DSX\Source\OpcodeHandle</Filter>
    </ClCompile>
    <ClCompile Include="..\OpcodeHandle\Surface Mode\SurfaceGraph_GFBar.c">
      <Filter>Application\DSX\Source\OpcodeHandle</Filter>
    </ClCompile>
    <ClCompile Include="..\OpcodeHandle\Surface Mode\SurfaceGraph_N2Bar.c">
      <Filter>Application\DSX\Source\OpcodeHandle</Filter>
    </ClCompile>
    <ClCompile Include="..\OpcodeHandle\Surface Mode\SurfaceGraph_AscentBar.c">
      <Filter>Application\DSX\Source\OpcodeHandle</Filter>
    </ClCompile>
    <ClCompile Include="..\OpcodeHandle\Surface Mode\SurfaceGraph_Bluetooth.c">
      <Filter>Application\DSX\Source\OpcodeHandle</Filter>
    </ClCompile>
    <ClCompile Include="..\OpcodeHandle\Surface Mode\SurfaceGraph_Battery.c">
      <Filter>Application\DSX\Source\OpcodeHandle</Filter>
    </ClCompile>
    <ClCompile Include="..\OpcodeHandle\Menu\Dive Main Menu\DiveMainMenuHandle_MainPage.c">
      <Filter>Application\DSX\Source\OpcodeHandle</Filter>
    </ClCompile>
    <ClCompile Include="..\OpcodeHandle\Menu\Dive Main Menu\ContextDiveMainMenuCfg.c">
      <Filter>Application\DSX\Source\OpcodeHandle</Filter>
    </ClCompile>
    <ClCompile Include="..\OpcodeHandle\Menu\Dive Main Menu\Menu_DiveMainMenu_Context.c">
      <Filter>Application\DSX\Source\OpcodeHandle</Filter>
    </ClCompile>
    <ClCompile Include="..\OpcodeHandle\Menu\Dive Main Menu\Mode_DiveMainMenu_Cfg.c">
      <Filter>Application\DSX\Source\OpcodeHandle</Filter>
    </ClCompile>
    <ClCompile Include="..\OpcodeHandle\Menu\Dive Menu\Menu_DiveMenu_Context.c">
      <Filter>Application\DSX\Source\OpcodeHandle</Filter>
    </ClCompile>
    <ClCompile Include="..\OpcodeHandle\Menu\Dive Menu\DiveMenuHandle_MainPage.c">
      <Filter>Application\DSX\Source\OpcodeHandle</Filter>
    </ClCompile>
    <ClCompile Include="..\OpcodeHandle\Menu\Dive Menu\ContextDiveMenuCfg.c">
      <Filter>Application\DSX\Source\OpcodeHandle</Filter>
    </ClCompile>
    <ClCompile Include="..\OpcodeHandle\Menu\Dive Menu\Mode_DiveMenu_Cfg.c">
      <Filter>Application\DSX\Source\OpcodeHandle</Filter>
    </ClCompile>
    <ClCompile Include="..\OpcodeHandle\Dive Mode\DiveModeHandle_BatteryDisplayCheck.c">
      <Filter>Application\DSX\Source\OpcodeHandle</Filter>
    </ClCompile>
    <ClCompile Include="..\OpcodeHandle\Menu\Display Settings\Menu_DisplaySettings_Brightness_CheckAutodim.c">
      <Filter>Application\DSX\Source\OpcodeHandle</Filter>
    </ClCompile>
    <ClCompile Include="..\OpcodeHandle\Surface Mode\SurfaceHandle_LastDiveInformation.c">
      <Filter>Application\DSX\Source\OpcodeHandle</Filter>
    </ClCompile>
    <ClCompile Include="..\OpcodeHandle\Dive Mode\DiveModeHandle_Deco_NoDeco_DeepStop_SafetyStop.c">
      <Filter>Application\DSX\Source\OpcodeHandle</Filter>
    </ClCompile>
    <ClCompile Include="..\OpcodeHandle\Surface Mode\SurfaceHandle_PressureDisplay.c">
      <Filter>Application\DSX\Source\OpcodeHandle</Filter>
    </ClCompile>
    <ClCompile Include="..\OpcodeHandle\Menu\Dive Menu\DecoStops\Menu_DiveMenu_DecoStops.c">
      <Filter>Application\DSX\Source\OpcodeHandle</Filter>
    </ClCompile>
    <ClCompile Include="..\OpcodeHandle\Menu\Dive Menu\DecoStops\Menu_DiveMenu_DecoStops_Context.c">
      <Filter>Application\DSX\Source\OpcodeHandle</Filter>
    </ClCompile>
    <ClCompile Include="..\OpcodeHandle\Menu\Dive Menu\DecoStops\ButtonHandle_DiveMenu_DecoStop.c">
      <Filter>Application\DSX\Source\OpcodeHandle</Filter>
    </ClCompile>
    <ClCompile Include="..\OpcodeHandle\Menu\Dive Menu\DecoStops\MenuHandle_DiveMenu_DecoStop.c">
      <Filter>Application\DSX\Source\OpcodeHandle</Filter>
    </ClCompile>
    <ClCompile Include="..\OpcodeHandle\Menu\Dive Menu\Set GF High\MenuHandle_DiveMenu_SetGFHigh.c">
      <Filter>Application\DSX\Source\OpcodeHandle</Filter>
    </ClCompile>
    <ClCompile Include="..\OpcodeHandle\Menu\Dive Menu\Set GF High\ButtonHandle_DiveMenu_SetGFHigh.c">
      <Filter>Application\DSX\Source\OpcodeHandle</Filter>
    </ClCompile>
    <ClCompile Include="..\OpcodeHandle\Menu\Dive Menu\Set GF High\Menu_DiveMenu_SetGFHigh.c">
      <Filter>Application\DSX\Source\OpcodeHandle</Filter>
    </ClCompile>
    <ClCompile Include="..\OpcodeHandle\Menu\Dive Menu\Set GF High\Menu_DiveMenu_SetGFHigh_Context.c">
      <Filter>Application\DSX\Source\OpcodeHandle</Filter>
    </ClCompile>
    <ClCompile Include="..\OpcodeHandle\Dive Mode\DiveModeHandle_DisplayImperialOrMetric.c">
      <Filter>Application\DSX\Source\OpcodeHandle</Filter>
    </ClCompile>
    <ClCompile Include="..\OpcodeHandle\Dive Mode\DiveModeHandle_In10MinsAfterDive.c">
      <Filter>Application\DSX\Source\OpcodeHandle</Filter>
    </ClCompile>
    <ClCompile Include="..\OpcodeHandle\Dive Mode\DiveModeHandle_MainFO2Display.c">
      <Filter>Application\DSX\Source\OpcodeHandle</Filter>
    </ClCompile>
    <ClCompile Include="..\OpcodeHandle\Dive Mode\DiveAlarmHandle_ConditionalViolation.c">
      <Filter>Application\DSX\Source\OpcodeHandle</Filter>
    </ClCompile>
    <ClCompile Include="..\OpcodeHandle\Dive Mode\DiveAlarmHandle_AscentTooFast.c">
      <Filter>Application\DSX\Source\OpcodeHandle</Filter>
    </ClCompile>
    <ClCompile Include="..\OpcodeHandle\Dive Mode\DiveAlarmHandle_FullViolation.c">
      <Filter>Application\DSX\Source\OpcodeHandle</Filter>
    </ClCompile>
    <ClCompile Include="..\OpcodeHandle\Dive Mode\DiveAlarmHandle_MainPage_BottomAlarms.c">
      <Filter>Application\DSX\Source\OpcodeHandle</Filter>
    </ClCompile>
    <ClCompile Include="..\OpcodeHandle\Dive Mode\DiveAlarmHandle_GasSwitch.c">
      <Filter>Application\DSX\Source\OpcodeHandle</Filter>
    </ClCompile>
    <ClCompile Include="..\OpcodeHandle\Dive Mode\DiveAlarmHandle_GF_90.c">
      <Filter>Application\DSX\Source\OpcodeHandle</Filter>
    </ClCompile>
    <ClCompile Include="..\OpcodeHandle\Dive Mode\DiveAlarmHandle_MainPage_ArrowUpDown.c">
      <Filter>Application\DSX\Source\OpcodeHandle</Filter>
    </ClCompile>
    <ClCompile Include="..\OpcodeHandle\Dive Mode\DiveAlarmHandle_MainPage_Violation.c">
      <Filter>Application\DSX\Source\OpcodeHandle</Filter>
    </ClCompile>
    <ClCompile Include="..\OpcodeHandle\Dive Mode\DiveAlarmHandle_N2Bar80.c">
      <Filter>Application\DSX\Source\OpcodeHandle</Filter>
    </ClCompile>
    <ClCompile Include="..\OpcodeHandle\Dive Mode\DiveAlarmHandle_O2Sat.c">
      <Filter>Application\DSX\Source\OpcodeHandle</Filter>
    </ClCompile>
    <ClCompile Include="..\OpcodeHandle\Dive Mode\DiveAlarmHandle_O2SatWarning.c">
      <Filter>Application\DSX\Source\OpcodeHandle</Filter>
    </ClCompile>
    <ClCompile Include="..\OpcodeHandle\Dive Mode\DiveMode_OC_PageAlt3.c">
      <Filter>Application\DSX\Source\OpcodeHandle</Filter>
    </ClCompile>
    <ClCompile Include="..\OpcodeHandle\Dive Mode\DiveMode_OC_PageAlt4.c">
      <Filter>Application\DSX\Source\OpcodeHandle</Filter>
    </ClCompile>
    <ClCompile Include="..\OpcodeHandle\Dive Mode\DiveMode_OC_PageAlt5.c">
      <Filter>Application\DSX\Source\OpcodeHandle</Filter>
    </ClCompile>
    <ClCompile Include="..\OpcodeHandle\Dive Mode\DiveMode_OC_PageMain.c">
      <Filter>Application\DSX\Source\OpcodeHandle</Filter>
    </ClCompile>
    <ClCompile Include="..\OpcodeHandle\Dive Mode\DiveMode_OC_PageAlt1.c">
      <Filter>Application\DSX\Source\OpcodeHandle</Filter>
    </ClCompile>
    <ClCompile Include="..\OpcodeHandle\Dive Mode\DiveMode_OC_PageAlt2.c">
      <Filter>Application\DSX\Source\OpcodeHandle</Filter>
    </ClCompile>
    <ClCompile Include="..\OpcodeHandle\Dive Mode\DiveAlarmHandle_LowPO2.c">
      <Filter>Application\DSX\Source\OpcodeHandle</Filter>
    </ClCompile>
    <ClCompile Include="..\OpcodeHandle\Dive Mode\DiveAlarmHandle_HighPO2.c">
      <Filter>Application\DSX\Source\OpcodeHandle</Filter>
    </ClCompile>
    <ClCompile Include="..\OpcodeHandle\Dive Mode\DiveAlarmHandle_DepthAlarm.c">
      <Filter>Application\DSX\Source\OpcodeHandle</Filter>
    </ClCompile>
    <ClCompile Include="..\OpcodeHandle\Dive Mode\DiveAlarmHandle_DiveTimeAlarm.c">
      <Filter>Application\DSX\Source\OpcodeHandle</Filter>
    </ClCompile>
    <ClCompile Include="..\OpcodeHandle\Compass Mode\Compass_Main_Dive.c">
      <Filter>Application\DSX\Source\OpcodeHandle</Filter>
    </ClCompile>
    <ClCompile Include="..\OpcodeHandle\Compass Mode\Compass_Main_Surface.c">
      <Filter>Application\DSX\Source\OpcodeHandle</Filter>
    </ClCompile>
    <ClCompile Include="..\OpcodeHandle\Compass Mode\Compass_Main_Surface_Cfg.c">
      <Filter>Application\DSX\Source\OpcodeHandle</Filter>
    </ClCompile>
    <ClCompile Include="..\OpcodeHandle\Compass Mode\Compass_Menu_CALIBRATE.c">
      <Filter>Application\DSX\Source\OpcodeHandle</Filter>
    </ClCompile>
    <ClCompile Include="..\OpcodeHandle\Compass Mode\Compass_Menu_MainPage.c">
      <Filter>Application\DSX\Source\OpcodeHandle</Filter>
    </ClCompile>
    <ClCompile Include="..\OpcodeHandle\Compass Mode\Compass_Menu_MainPage_Cfg.c">
      <Filter>Application\DSX\Source\OpcodeHandle</Filter>
    </ClCompile>
    <ClCompile Include="..\OpcodeHandle\Compass Mode\Compass_Menu_SETDECLIN.c">
      <Filter>Application\DSX\Source\OpcodeHandle</Filter>
    </ClCompile>
    <ClCompile Include="..\OpcodeHandle\Compass Mode\Compass_Menu_SETDECLIN_Cfg.c">
      <Filter>Application\DSX\Source\OpcodeHandle</Filter>
    </ClCompile>
    <ClCompile Include="..\OpcodeHandle\Compass Mode\Compass_RefPoint.c">
      <Filter>Application\DSX\Source\OpcodeHandle</Filter>
    </ClCompile>
    <ClCompile Include="..\OpcodeHandle\Compass Mode\CompassHandle_ReferenceReversDisplay.c">
      <Filter>Application\DSX\Source\OpcodeHandle</Filter>
    </ClCompile>
    <ClCompile Include="..\OpcodeHandle\Compass Mode\CompassHandle_TankPressureDisplay.c">
      <Filter>Application\DSX\Source\OpcodeHandle</Filter>
    </ClCompile>
    <ClCompile Include="..\OpcodeHandle\Compass Mode\ContextCompassMenuCfg.c">
      <Filter>Application\DSX\Source\OpcodeHandle</Filter>
    </ClCompile>
    <ClCompile Include="..\OpcodeHandle\Compass Mode\Compass_Display_MainValue_Cfg.c">
      <Filter>Application\DSX\Source\OpcodeHandle</Filter>
    </ClCompile>
    <ClCompile Include="..\OpcodeHandle\Compass Mode\Compass_Display_NavigateArrows_Cfg.c">
      <Filter>Application\DSX\Source\OpcodeHandle</Filter>
    </ClCompile>
    <ClCompile Include="..\OpcodeHandle\Compass Mode\Compass_Display_ReferencePoint_Cfg.c">
      <Filter>Application\DSX\Source\OpcodeHandle</Filter>
    </ClCompile>
    <ClCompile Include="..\OpcodeHandle\Compass Mode\Compass_Display_ScaleVerticalBar_Cfg.c">
      <Filter>Application\DSX\Source\OpcodeHandle</Filter>
    </ClCompile>
    <ClCompile Include="..\OpcodeHandle\Dive Mode\DiveMode_CC_PageAlt3.c">
      <Filter>Application\DSX\Source\OpcodeHandle</Filter>
    </ClCompile>
    <ClCompile Include="..\OpcodeHandle\Dive Mode\DiveAlarmHandle_OCmaxPO2.c">
      <Filter>Application\DSX\Source\OpcodeHandle</Filter>
    </ClCompile>
    <ClCompile Include="..\OpcodeHandle\Dive Mode\DiveAlarmHandle_OCminPO2.c">
      <Filter>Application\DSX\Source\OpcodeHandle</Filter>
    </ClCompile>
    <ClCompile Include="..\OpcodeHandle\Menu\Main Menu\Main_Menu_LOG\ButtonHandle_MainMenu_LOG.c">
      <Filter>Application\DSX\Source\OpcodeHandle</Filter>
    </ClCompile>
    <ClCompile Include="..\OpcodeHandle\Dive Mode\DiveAlarmHandle_CC6Pressure.c">
      <Filter>Application\DSX\Source\OpcodeHandle</Filter>
    </ClCompile>
    <ClCompile Include="..\OpcodeHandle\Dive Mode\DiveAlarmHandle_DecoAlarm.c">
      <Filter>Application\DSX\Source\OpcodeHandle</Filter>
    </ClCompile>
    <ClCompile Include="..\OpcodeHandle\Dive Mode\DiveAlarmHandle_DecoEntry.c">
      <Filter>Application\DSX\Source\OpcodeHandle</Filter>
    </ClCompile>
    <ClCompile Include="..\OpcodeHandle\Dive Mode\DiveAlarmHandle_DecoPO2.c">
      <Filter>Application\DSX\Source\OpcodeHandle</Filter>
    </ClCompile>
    <ClCompile Include="..\OpcodeHandle\Dive Mode\DiveAlarmHandle_DecoWarning.c">
      <Filter>Application\DSX\Source\OpcodeHandle</Filter>
    </ClCompile>
    <ClCompile Include="..\OpcodeHandle\Dive Mode\DiveAlarmHandle_DTR_Alarm.c">
      <Filter>Application\DSX\Source\OpcodeHandle</Filter>
    </ClCompile>
    <ClCompile Include="..\OpcodeHandle\Dive Mode\DiveAlarmHandle_EquivalentNarcoticDepth.c">
      <Filter>Application\DSX\Source\OpcodeHandle</Filter>
    </ClCompile>
    <ClCompile Include="..\OpcodeHandle\Dive Mode\DiveAlarmHandle_GasTimeRemaining.c">
      <Filter>Application\DSX\Source\OpcodeHandle</Filter>
    </ClCompile>
    <ClCompile Include="..\OpcodeHandle\Dive Mode\DiveAlarmHandle_LostTMT.c">
      <Filter>Application\DSX\Source\OpcodeHandle</Filter>
    </ClCompile>
    <ClCompile Include="..\OpcodeHandle\Dive Mode\DiveAlarmHandle_LowBattery.c">
      <Filter>Application\DSX\Source\OpcodeHandle</Filter>
    </ClCompile>
    <ClCompile Include="..\OpcodeHandle\Dive Mode\DiveAlarmHandle_TankPressure.c">
      <Filter>Application\DSX\Source\OpcodeHandle</Filter>
    </ClCompile>
    <ClCompile Include="..\OpcodeHandle\Dive Mode\DiveAlarmHandle_TimeToSurface.c">
      <Filter>Application\DSX\Source\OpcodeHandle</Filter>
    </ClCompile>
    <ClCompile Include="..\OpcodeHandle\Dive Mode\DiveAlarmHandle_TMTLowBattery.c">
      <Filter>Application\DSX\Source\OpcodeHandle</Filter>
    </ClCompile>
    <ClCompile Include="..\OpcodeHandle\Dive Mode\DiveAlarmHandle_WorkOfBreathing.c">
      <Filter>Application\DSX\Source\OpcodeHandle</Filter>
    </ClCompile>
    <ClCompile Include="..\OpcodeHandle\Dive Mode\DiveMode_CC_PageAlt5.c">
      <Filter>Application\DSX\Source\OpcodeHandle</Filter>
    </ClCompile>
    <ClCompile Include="..\OpcodeHandle\Dive Mode\DiveMode_Cfg.c">
      <Filter>Application\DSX\Source\OpcodeHandle</Filter>
    </ClCompile>
    <ClCompile Include="..\OpcodeHandle\Dive Mode\DiveModeHandle_ClearPortionScreen.c">
      <Filter>Application\DSX\Source\OpcodeHandle</Filter>
    </ClCompile>
    <ClCompile Include="..\OpcodeHandle\Surface Mode\SurfaceHandle_3rdRowContent_Left.c">
      <Filter>Application\DSX\Source\OpcodeHandle</Filter>
    </ClCompile>
    <ClCompile Include="..\OpcodeHandle\Surface Mode\SurfaceHandle_3rdRowContent_Right.c">
      <Filter>Application\DSX\Source\OpcodeHandle</Filter>
    </ClCompile>
    <ClCompile Include="..\OpcodeHandle\Surface Mode\SurfaceHandle_3rdRowLeftRight.c">
      <Filter>Application\DSX\Source\OpcodeHandle</Filter>
    </ClCompile>
    <ClCompile Include="..\OpcodeHandle\Surface Mode\SurfaceMode_CC_Main.c">
      <Filter>Application\DSX\Source\OpcodeHandle</Filter>
    </ClCompile>
    <ClCompile Include="..\OpcodeHandle\Surface Mode\SurfaceMode_SM_Main.c">
      <Filter>Application\DSX\Source\OpcodeHandle</Filter>
    </ClCompile>
    <ClCompile Include="..\OpcodeHandle\Surface Mode\SurfaceMode_SM_Alt1.c">
      <Filter>Application\DSX\Source\OpcodeHandle</Filter>
    </ClCompile>
    <ClCompile Include="..\OpcodeHandle\Surface Mode\ButtonHandle_SetValueOpcodeSurface.c">
      <Filter>Application\DSX\Source\OpcodeHandle</Filter>
    </ClCompile>
    <ClCompile Include="..\OpcodeHandle\Dive Mode\DiveMode_SM_PageMain.c">
      <Filter>Application\DSX\Source\OpcodeHandle</Filter>
    </ClCompile>
    <ClCompile Include="..\OpcodeHandle\Surface Mode\SurfaceMode_SM_Alt2.c">
      <Filter>Application\DSX\Source\OpcodeHandle</Filter>
    </ClCompile>
    <ClCompile Include="..\OpcodeHandle\Surface Mode\SurfaceMode_SM_Alt3.c">
      <Filter>Application\DSX\Source\OpcodeHandle</Filter>
    </ClCompile>
    <ClCompile Include="..\OpcodeHandle\Surface Mode\SurfaceMode_SM_Alt4.c">
      <Filter>Application\DSX\Source\OpcodeHandle</Filter>
    </ClCompile>
    <ClCompile Include="..\OpcodeHandle\WelcomeScreen\ManufacturingScreen.c">
      <Filter>Application\DSX\Source\OpcodeHandle</Filter>
    </ClCompile>
    <ClCompile Include="..\Bitmaps\DSX manufacturer screen.c">
      <Filter>Application\DSX\Bitmaps</Filter>
    </ClCompile>
    <ClCompile Include="..\OpcodeHandle\Dive Mode\DiveMode_SM_PageAlt1.c">
      <Filter>Application\DSX\Source\OpcodeHandle</Filter>
    </ClCompile>
    <ClCompile Include="..\OpcodeHandle\Dive Mode\DiveMode_SM_PageAlt2.c">
      <Filter>Application\DSX\Source\OpcodeHandle</Filter>
    </ClCompile>
    <ClCompile Include="..\OpcodeHandle\Dive Mode\DiveMode_SM_PageAlt3.c">
      <Filter>Application\DSX\Source\OpcodeHandle</Filter>
    </ClCompile>
    <ClCompile Include="..\OpcodeHandle\Dive Mode\DiveMode_SM_PageAlt4.c">
      <Filter>Application\DSX\Source\OpcodeHandle</Filter>
    </ClCompile>
    <ClCompile Include="..\OpcodeHandle\Dive Mode\DiveMode_SM_PageAlt5.c">
      <Filter>Application\DSX\Source\OpcodeHandle</Filter>
    </ClCompile>
    <ClCompile Include="..\OpcodeHandle\Surface Mode\SurfaceHandle_OCLefRightDisplay.c">
      <Filter>Application\DSX\Source\OpcodeHandle</Filter>
    </ClCompile>
    <ClCompile Include="..\OpcodeHandle\Menu\GPS Menu\Menu_WayfinderMenu_Page_Main.c">
      <Filter>Application\DSX\Source\OpcodeHandle</Filter>
    </ClCompile>
    <ClCompile Include="..\OpcodeHandle\Menu\GPS Menu\Menu_WayfinderMenu_Context_Main.c">
      <Filter>Application\DSX\Source\OpcodeHandle</Filter>
    </ClCompile>
    <ClCompile Include="..\OpcodeHandle\Surface Mode\SurfaceMode_Gauge_Main.c">
      <Filter>Application\DSX\Source\OpcodeHandle</Filter>
    </ClCompile>
    <ClCompile Include="..\OpcodeHandle\Surface Mode\SurfaceMode_CC_Alt_1.c">
      <Filter>Application\DSX\Source\OpcodeHandle</Filter>
    </ClCompile>
    <ClCompile Include="..\OpcodeHandle\Surface Mode\SurfaceMode_CC_Alt_2.c">
      <Filter>Application\DSX\Source\OpcodeHandle</Filter>
    </ClCompile>
    <ClCompile Include="..\OpcodeHandle\Surface Mode\SurfaceMode_CC_Alt_3.c">
      <Filter>Application\DSX\Source\OpcodeHandle</Filter>
    </ClCompile>
    <ClCompile Include="..\OpcodeHandle\Surface Mode\SurfaceMode_CC_Alt_4.c">
      <Filter>Application\DSX\Source\OpcodeHandle</Filter>
    </ClCompile>
    <ClCompile Include="..\OpcodeHandle\Surface Mode\SurfaceMode_CC_Alt_5.c">
      <Filter>Application\DSX\Source\OpcodeHandle</Filter>
    </ClCompile>
    <ClCompile Include="..\OpcodeHandle\Surface Mode\SurfaceMode_Gauge_Alt_1.c">
      <Filter>Application\DSX\Source\OpcodeHandle</Filter>
    </ClCompile>
    <ClCompile Include="..\OpcodeHandle\Surface Mode\SurfaceMode_Gauge_Alt_2.c">
      <Filter>Application\DSX\Source\OpcodeHandle</Filter>
    </ClCompile>
    <ClCompile Include="..\OpcodeHandle\Dive Mode\DiveModeHandle_DisplayGTR.c">
      <Filter>Application\DSX\Source\OpcodeHandle</Filter>
    </ClCompile>
    <ClCompile Include="..\OpcodeHandle\Dive Mode\DiveMode_Gauge_PageAlt1.c">
      <Filter>Application\DSX\Source\OpcodeHandle</Filter>
    </ClCompile>
    <ClCompile Include="..\OpcodeHandle\Dive Mode\DiveMode_Gauge_MainPage.c">
      <Filter>Application\DSX\Source\OpcodeHandle</Filter>
    </ClCompile>
    <ClCompile Include="..\OpcodeHandle\Surface Mode\SurfaceMode_GaugeSM_Main.c">
      <Filter>Application\DSX\Source\OpcodeHandle</Filter>
    </ClCompile>
    <ClCompile Include="..\OpcodeHandle\Dive Mode\DiveAlarmHandle_GradientFactor.c">
      <Filter>Application\DSX\Source\OpcodeHandle</Filter>
    </ClCompile>
    <ClCompile Include="..\OpcodeHandle\Surface Mode\SurfaceHandle_DisplayGTR.c">
      <Filter>Application\DSX\Source\OpcodeHandle</Filter>
    </ClCompile>
    <ClCompile Include="..\OpcodeHandle\Menu\Set Gases\Set_O2_Analyzer\Menu_O2Analyzer_Context_Calibrate_NoO2AnalyzerFound.c">
      <Filter>Application\DSX\Source\OpcodeHandle</Filter>
    </ClCompile>
    <ClCompile Include="..\OpcodeHandle\Dive Mode\DiveAlarmHandle_MainPage_SwitchTankArrow.c">
      <Filter>Application\DSX\Source\OpcodeHandle</Filter>
    </ClCompile>
    <ClCompile Include="..\OpcodeHandle\Dive Mode\DiveAlarmHandle_SwitchTank.c">
      <Filter>Application\DSX\Source\OpcodeHandle</Filter>
    </ClCompile>
    <ClCompile Include="..\OpcodeHandle\Dive Mode\DiveMode_GSM_PageMain.c">
      <Filter>Application\DSX\Source\OpcodeHandle</Filter>
    </ClCompile>
    <ClCompile Include="..\OpcodeHandle\Menu\Dive Menu\Menu_DiveMenu_ConditionCheck.c">
      <Filter>Application\DSX\Source\OpcodeHandle</Filter>
    </ClCompile>
    <ClCompile Include="..\OpcodeHandle\Surface Mode\SurfaceHandle_GaugeCheckDisplayTMT.c">
      <Filter>Application\DSX\Source\OpcodeHandle</Filter>
    </ClCompile>
    <ClCompile Include="..\OpcodeHandle\Dive Mode\DiveModeHandle_SM_DisplayContentInMiddle.c">
      <Filter>Application\DSX\Source\OpcodeHandle</Filter>
    </ClCompile>
    <ClCompile Include="..\OpcodeHandle\Menu\Main Menu\Main_Menu_TMT_SWITCH\ButtonHandle_MainMenu_TMTSwitch.c">
      <Filter>Application\DSX\Source\OpcodeHandle</Filter>
    </ClCompile>
    <ClCompile Include="..\OpcodeHandle\Menu\Dive Main Menu\SwitchTMTMenu\ButtonHandle_DiveMainMenu_TMTSwitch.c">
      <Filter>Application\DSX\Source\OpcodeHandle</Filter>
    </ClCompile>
    <ClCompile Include="..\OpcodeHandle\Menu\Dive Main Menu\SwitchTMTMenu\DiveMainMenu_TMT_Context.c">
      <Filter>Application\DSX\Source\OpcodeHandle</Filter>
    </ClCompile>
    <ClCompile Include="..\OpcodeHandle\Menu\Dive Main Menu\SwitchTMTMenu\DiveMainMenu_TMTSwitch_MainPage.c">
      <Filter>Application\DSX\Source\OpcodeHandle</Filter>
    </ClCompile>
    <ClCompile Include="..\OpcodeHandle\Menu\Dive Main Menu\ResetAVGDepth\ButtonHandle_DiveMenu_ResetAvgDepth.c">
      <Filter>Application\DSX\Source\OpcodeHandle</Filter>
    </ClCompile>
    <ClCompile Include="..\OpcodeHandle\Menu\Dive Main Menu\ResetAVGDepth\DiveMainMenuHandle_ResetAvgDepth.c">
      <Filter>Application\DSX\Source\OpcodeHandle</Filter>
    </ClCompile>
    <ClCompile Include="..\OpcodeHandle\Menu\Dive Main Menu\Dive Profile Graph\DiveMainMenuHandle_DiveProfileGraph.c">
      <Filter>Application\DSX\Source\OpcodeHandle</Filter>
    </ClCompile>
    <ClCompile Include="..\OpcodeHandle\Dive Mode\DiveModeHandle_CC_DisplayContentInMiddle.c">
      <Filter>Application\DSX\Source\OpcodeHandle</Filter>
    </ClCompile>
    <ClCompile Include="..\OpcodeHandle\Surface Mode\SurfaceHandle_CheckBottomDisplay.c">
      <Filter>Application\DSX\Source\OpcodeHandle</Filter>
    </ClCompile>
    <ClCompile Include="..\OpcodeHandle\Surface Mode\SurfaceHandle_BottomAlarms.c">
      <Filter>Application\DSX\Source\OpcodeHandle</Filter>
    </ClCompile>
    <ClCompile Include="..\OpcodeHandle\Dive Mode\DiveModeHandle_DisplayExtralargeDepthOrDiveTime.c">
      <Filter>Application\DSX\Source\OpcodeHandle</Filter>
    </ClCompile>
    <ClCompile Include="..\OpcodeHandle\Surface Mode\SurfaceHandle_CC6TankPressure.c">
      <Filter>Application\DSX\Source\OpcodeHandle</Filter>
    </ClCompile>
    <ClCompile Include="..\OpcodeHandle\Menu\GPS Menu\ButtonHandle_GPSMenu_Wayfinder.c">
      <Filter>Application\DSX\Source\OpcodeHandle</Filter>
    </ClCompile>
    <ClCompile Include="..\OpcodeHandle\Dive Mode\DepthAndDiveTimeMode_PageMain.c">
      <Filter>Application\DSX\Source\OpcodeHandle</Filter>
    </ClCompile>
    <ClCompile Include="..\OpcodeHandle\Dive Mode\DepthAndDiveTimeHandle_AlarmInBottom.c">
      <Filter>Application\DSX\Source\OpcodeHandle</Filter>
    </ClCompile>
    <ClCompile Include="..\OpcodeHandle\Menu\GPS Menu\ButtonHandle_GPSMenu_DeleteLocation.c">
      <Filter>Application\DSX\Source\OpcodeHandle</Filter>
    </ClCompile>
    <ClCompile Include="..\OpcodeHandle\Dive Mode\DepthAndDiveTimeHandle_AlarmArrowUpDown.c">
      <Filter>Application\DSX\Source\OpcodeHandle</Filter>
    </ClCompile>
    <ClCompile Include="..\OpcodeHandle\Dive Mode\DiveModeHandle_GSM_CheckDisplayWhenViolation.c">
      <Filter>Application\DSX\Source\OpcodeHandle</Filter>
    </ClCompile>
    <ClCompile Include="..\OpcodeHandle\Menu\Set Gases\Set_O2_Analyzer\Menu_O2Analyzer_Page_AnalyzerList.c">
      <Filter>Application\DSX\Source\OpcodeHandle</Filter>
    </ClCompile>
    <ClCompile Include="..\OpcodeHandle\Menu\Set Gases\Set_O2_Analyzer\ButtonHandle_O2AnalyzerList.c">
      <Filter>Application\DSX\Source\OpcodeHandle</Filter>
    </ClCompile>
    <ClCompile Include="..\OpcodeHandle\WarningAndErrorMsgs\Error_Warning_Pages.c">
      <Filter>Application\DSX\Source\OpcodeHandle</Filter>
    </ClCompile>
    <ClCompile Include="..\OpcodeHandle\Dive Mode\DepthAndDiveTimeHandle_PressureDisplay.c">
      <Filter>Application\DSX\Source\OpcodeHandle</Filter>
    </ClCompile>
    <ClCompile Include="..\OpcodeHandle\Dive Mode\DiveAlarmHandle_BatteryShutDown.c">
      <Filter>Application\DSX\Source\OpcodeHandle</Filter>
    </ClCompile>
    <ClCompile Include="..\OpcodeHandle\WarningAndErrorMsgs\Error_Warning_Pages_Cfg.c">
      <Filter>Application\DSX\Source\OpcodeHandle</Filter>
    </ClCompile>
    <ClCompile Include="..\OpcodeHandle\Dive Mode\DiveAlarmHandle_EndP.c">
      <Filter>Application\DSX\Source\OpcodeHandle</Filter>
    </ClCompile>
    <ClCompile Include="..\OpcodeHandle\Dive Mode\DiveAlarmHandle_TurnP.c">
      <Filter>Application\DSX\Source\OpcodeHandle</Filter>
    </ClCompile>
    <ClCompile Include="..\OpcodeHandle\Dive Mode\DiveAlarmHandle_AutoSwitchingSP_High.c">
      <Filter>Application\DSX\Source\OpcodeHandle</Filter>
    </ClCompile>
    <ClCompile Include="..\OpcodeHandle\Dive Mode\DiveAlarmHandle_AutoSwitchingSP_Low.c">
      <Filter>Application\DSX\Source\OpcodeHandle</Filter>
    </ClCompile>
    <ClCompile Include="..\OpcodeHandle\Menu\GPS Menu\Menu_WayfinderMenu_Page_MainList.c">
      <Filter>Application\DSX\Source\OpcodeHandle</Filter>
    </ClCompile>
    <ClCompile Include="..\OpcodeHandle\Menu\GPS Menu\Mode_WayfinderMenu_Cfg.c">
      <Filter>Application\DSX\Source\OpcodeHandle</Filter>
    </ClCompile>
    <ClCompile Include="..\OpcodeHandle\WelcomeScreen\RegisterScreen.c">
      <Filter>Application\DSX\Source\OpcodeHandle</Filter>
    </ClCompile>
    <ClCompile Include="..\OpcodeHandle\Dive Mode\DiveMode_CC_PageMain.c">
      <Filter>Application\DSX\Source\OpcodeHandle</Filter>
    </ClCompile>
    <ClCompile Include="..\Bitmaps\Register.c">
      <Filter>Application\DSX\Bitmaps</Filter>
    </ClCompile>
  </ItemGroup>
  <ItemGroup>
    <ClInclude Include="Config\GUIConf.h">
      <Filter>STemWin\Target</Filter>
    </ClInclude>
    <ClInclude Include="Config\LCDConf.h">
      <Filter>STemWin\Target</Filter>
    </ClInclude>
    <ClInclude Include="Simulation\GUI_SIM_Win32.h">
      <Filter>Simulation</Filter>
    </ClInclude>
    <ClInclude Include="..\..\..\Libraries\Middleware\STemWin\inc_V544\BUTTON.h">
      <Filter>STemWin\Include</Filter>
    </ClInclude>
    <ClInclude Include="..\..\..\Libraries\Middleware\STemWin\inc_V544\BUTTON_Private.h">
      <Filter>STemWin\Include</Filter>
    </ClInclude>
    <ClInclude Include="..\..\..\Libraries\Middleware\STemWin\inc_V544\CALENDAR.h">
      <Filter>STemWin\Include</Filter>
    </ClInclude>
    <ClInclude Include="..\..\..\Libraries\Middleware\STemWin\inc_V544\CHECKBOX.h">
      <Filter>STemWin\Include</Filter>
    </ClInclude>
    <ClInclude Include="..\..\..\Libraries\Middleware\STemWin\inc_V544\CHECKBOX_Private.h">
      <Filter>STemWin\Include</Filter>
    </ClInclude>
    <ClInclude Include="..\..\..\Libraries\Middleware\STemWin\inc_V544\CHOOSECOLOR.h">
      <Filter>STemWin\Include</Filter>
    </ClInclude>
    <ClInclude Include="..\..\..\Libraries\Middleware\STemWin\inc_V544\CHOOSEFILE.h">
      <Filter>STemWin\Include</Filter>
    </ClInclude>
    <ClInclude Include="..\..\..\Libraries\Middleware\STemWin\inc_V544\DIALOG.h">
      <Filter>STemWin\Include</Filter>
    </ClInclude>
    <ClInclude Include="..\..\..\Libraries\Middleware\STemWin\inc_V544\DIALOG_Intern.h">
      <Filter>STemWin\Include</Filter>
    </ClInclude>
    <ClInclude Include="..\..\..\Libraries\Middleware\STemWin\inc_V544\DROPDOWN.h">
      <Filter>STemWin\Include</Filter>
    </ClInclude>
    <ClInclude Include="..\..\..\Libraries\Middleware\STemWin\inc_V544\DROPDOWN_Private.h">
      <Filter>STemWin\Include</Filter>
    </ClInclude>
    <ClInclude Include="..\..\..\Libraries\Middleware\STemWin\inc_V544\EDIT.h">
      <Filter>STemWin\Include</Filter>
    </ClInclude>
    <ClInclude Include="..\..\..\Libraries\Middleware\STemWin\inc_V544\EDIT_Private.h">
      <Filter>STemWin\Include</Filter>
    </ClInclude>
    <ClInclude Include="..\..\..\Libraries\Middleware\STemWin\inc_V544\FRAMEWIN.h">
      <Filter>STemWin\Include</Filter>
    </ClInclude>
    <ClInclude Include="..\..\..\Libraries\Middleware\STemWin\inc_V544\FRAMEWIN_Private.h">
      <Filter>STemWin\Include</Filter>
    </ClInclude>
    <ClInclude Include="..\..\..\Libraries\Middleware\STemWin\inc_V544\Global.h">
      <Filter>STemWin\Include</Filter>
    </ClInclude>
    <ClInclude Include="..\..\..\Libraries\Middleware\STemWin\inc_V544\GRAPH.h">
      <Filter>STemWin\Include</Filter>
    </ClInclude>
    <ClInclude Include="..\..\..\Libraries\Middleware\STemWin\inc_V544\GRAPH_Private.h">
      <Filter>STemWin\Include</Filter>
    </ClInclude>
    <ClInclude Include="..\..\..\Libraries\Middleware\STemWin\inc_V544\GUI.h">
      <Filter>STemWin\Include</Filter>
    </ClInclude>
    <ClInclude Include="..\..\..\Libraries\Middleware\STemWin\inc_V544\GUI_ARRAY.h">
      <Filter>STemWin\Include</Filter>
    </ClInclude>
    <ClInclude Include="..\..\..\Libraries\Middleware\STemWin\inc_V544\GUI_ARRAY_Private.h">
      <Filter>STemWin\Include</Filter>
    </ClInclude>
    <ClInclude Include="..\..\..\Libraries\Middleware\STemWin\inc_V544\GUI_BMP_Private.h">
      <Filter>STemWin\Include</Filter>
    </ClInclude>
    <ClInclude Include="..\..\..\Libraries\Middleware\STemWin\inc_V544\GUI_ConfDefaults.h">
      <Filter>STemWin\Include</Filter>
    </ClInclude>
    <ClInclude Include="..\..\..\Libraries\Middleware\STemWin\inc_V544\GUI_Debug.h">
      <Filter>STemWin\Include</Filter>
    </ClInclude>
    <ClInclude Include="..\..\..\Libraries\Middleware\STemWin\inc_V544\GUI_FontIntern.h">
      <Filter>STemWin\Include</Filter>
    </ClInclude>
    <ClInclude Include="..\..\..\Libraries\Middleware\STemWin\inc_V544\GUI_GIF_Private.h">
      <Filter>STemWin\Include</Filter>
    </ClInclude>
    <ClInclude Include="..\..\..\Libraries\Middleware\STemWin\inc_V544\GUI_HOOK.h">
      <Filter>STemWin\Include</Filter>
    </ClInclude>
    <ClInclude Include="..\..\..\Libraries\Middleware\STemWin\inc_V544\GUI_JPEG_Private.h">
      <Filter>STemWin\Include</Filter>
    </ClInclude>
    <ClInclude Include="..\..\..\Libraries\Middleware\STemWin\inc_V544\GUI_Private.h">
      <Filter>STemWin\Include</Filter>
    </ClInclude>
    <ClInclude Include="..\..\..\Libraries\Middleware\STemWin\inc_V544\GUI_SetOrientation.h">
      <Filter>STemWin\Include</Filter>
    </ClInclude>
    <ClInclude Include="..\..\..\Libraries\Middleware\STemWin\inc_V544\GUI_SetOrientationCX.h">
      <Filter>STemWin\Include</Filter>
    </ClInclude>
    <ClInclude Include="..\..\..\Libraries\Middleware\STemWin\inc_V544\GUI_SIM_Win32.h">
      <Filter>STemWin\Include</Filter>
    </ClInclude>
    <ClInclude Include="..\..\..\Libraries\Middleware\STemWin\inc_V544\GUI_SPRITE_Private.h">
      <Filter>STemWin\Include</Filter>
    </ClInclude>
    <ClInclude Include="..\..\..\Libraries\Middleware\STemWin\inc_V544\GUI_Type.h">
      <Filter>STemWin\Include</Filter>
    </ClInclude>
    <ClInclude Include="..\..\..\Libraries\Middleware\STemWin\inc_V544\GUI_Version.h">
      <Filter>STemWin\Include</Filter>
    </ClInclude>
    <ClInclude Include="..\..\..\Libraries\Middleware\STemWin\inc_V544\GUI_VNC.h">
      <Filter>STemWin\Include</Filter>
    </ClInclude>
    <ClInclude Include="..\..\..\Libraries\Middleware\STemWin\inc_V544\GUIDRV_DCache.h">
      <Filter>STemWin\Include</Filter>
    </ClInclude>
    <ClInclude Include="..\..\..\Libraries\Middleware\STemWin\inc_V544\GUIDRV_DCache_Private.h">
      <Filter>STemWin\Include</Filter>
    </ClInclude>
    <ClInclude Include="..\..\..\Libraries\Middleware\STemWin\inc_V544\GUIDRV_Dist.h">
      <Filter>STemWin\Include</Filter>
    </ClInclude>
    <ClInclude Include="..\..\..\Libraries\Middleware\STemWin\inc_V544\GUIDRV_FlexColor.h">
      <Filter>STemWin\Include</Filter>
    </ClInclude>
    <ClInclude Include="..\..\..\Libraries\Middleware\STemWin\inc_V544\GUIDRV_FlexColor_Private.h">
      <Filter>STemWin\Include</Filter>
    </ClInclude>
    <ClInclude Include="..\..\..\Libraries\Middleware\STemWin\inc_V544\GUIDRV_Lin.h">
      <Filter>STemWin\Include</Filter>
    </ClInclude>
    <ClInclude Include="..\..\..\Libraries\Middleware\STemWin\inc_V544\GUIDRV_Lin_Opt_8.h">
      <Filter>STemWin\Include</Filter>
    </ClInclude>
    <ClInclude Include="..\..\..\Libraries\Middleware\STemWin\inc_V544\GUIDRV_Lin_Opt_16.h">
      <Filter>STemWin\Include</Filter>
    </ClInclude>
    <ClInclude Include="..\..\..\Libraries\Middleware\STemWin\inc_V544\GUIDRV_Lin_Opt_24.h">
      <Filter>STemWin\Include</Filter>
    </ClInclude>
    <ClInclude Include="..\..\..\Libraries\Middleware\STemWin\inc_V544\GUIDRV_Lin_Opt_32.h">
      <Filter>STemWin\Include</Filter>
    </ClInclude>
    <ClInclude Include="..\..\..\Libraries\Middleware\STemWin\inc_V544\GUIDRV_Lin_Private.h">
      <Filter>STemWin\Include</Filter>
    </ClInclude>
    <ClInclude Include="..\..\..\Libraries\Middleware\STemWin\inc_V544\GUIDRV_NoOpt_1_8.h">
      <Filter>STemWin\Include</Filter>
    </ClInclude>
    <ClInclude Include="..\..\..\Libraries\Middleware\STemWin\inc_V544\GUIDRV_Template.h">
      <Filter>STemWin\Include</Filter>
    </ClInclude>
    <ClInclude Include="..\..\..\Libraries\Middleware\STemWin\inc_V544\GUIDRV_TemplateI.h">
      <Filter>STemWin\Include</Filter>
    </ClInclude>
    <ClInclude Include="..\..\..\Libraries\Middleware\STemWin\inc_V544\GUIDRV_TemplateI_Private.h">
      <Filter>STemWin\Include</Filter>
    </ClInclude>
    <ClInclude Include="..\..\..\Libraries\Middleware\STemWin\inc_V544\GUIMTDRV_TangoC32.h">
      <Filter>STemWin\Include</Filter>
    </ClInclude>
    <ClInclude Include="..\..\..\Libraries\Middleware\STemWin\inc_V544\GUITDRV_ADS7846.h">
      <Filter>STemWin\Include</Filter>
    </ClInclude>
    <ClInclude Include="..\..\..\Libraries\Middleware\STemWin\inc_V544\HEADER.h">
      <Filter>STemWin\Include</Filter>
    </ClInclude>
    <ClInclude Include="..\..\..\Libraries\Middleware\STemWin\inc_V544\HEADER_Private.h">
      <Filter>STemWin\Include</Filter>
    </ClInclude>
    <ClInclude Include="..\..\..\Libraries\Middleware\STemWin\inc_V544\ICONVIEW.h">
      <Filter>STemWin\Include</Filter>
    </ClInclude>
    <ClInclude Include="..\..\..\Libraries\Middleware\STemWin\inc_V544\ICONVIEW_Private.h">
      <Filter>STemWin\Include</Filter>
    </ClInclude>
    <ClInclude Include="..\..\..\Libraries\Middleware\STemWin\inc_V544\IMAGE.h">
      <Filter>STemWin\Include</Filter>
    </ClInclude>
    <ClInclude Include="..\..\..\Libraries\Middleware\STemWin\inc_V544\IMAGE_Private.h">
      <Filter>STemWin\Include</Filter>
    </ClInclude>
    <ClInclude Include="..\..\..\Libraries\Middleware\STemWin\inc_V544\KNOB.h">
      <Filter>STemWin\Include</Filter>
    </ClInclude>
    <ClInclude Include="..\..\..\Libraries\Middleware\STemWin\inc_V544\KNOB_Private.h">
      <Filter>STemWin\Include</Filter>
    </ClInclude>
    <ClInclude Include="..\..\..\Libraries\Middleware\STemWin\inc_V544\LCD.h">
      <Filter>STemWin\Include</Filter>
    </ClInclude>
    <ClInclude Include="..\..\..\Libraries\Middleware\STemWin\inc_V544\LCD_ConfDefaults.h">
      <Filter>STemWin\Include</Filter>
    </ClInclude>
    <ClInclude Include="..\..\..\Libraries\Middleware\STemWin\inc_V544\LCD_Private.h">
      <Filter>STemWin\Include</Filter>
    </ClInclude>
    <ClInclude Include="..\..\..\Libraries\Middleware\STemWin\inc_V544\LCD_Protected.h">
      <Filter>STemWin\Include</Filter>
    </ClInclude>
    <ClInclude Include="..\..\..\Libraries\Middleware\STemWin\inc_V544\LCD_SIM.h">
      <Filter>STemWin\Include</Filter>
    </ClInclude>
    <ClInclude Include="..\..\..\Libraries\Middleware\STemWin\inc_V544\LISTBOX.h">
      <Filter>STemWin\Include</Filter>
    </ClInclude>
    <ClInclude Include="..\..\..\Libraries\Middleware\STemWin\inc_V544\LISTBOX_Private.h">
      <Filter>STemWin\Include</Filter>
    </ClInclude>
    <ClInclude Include="..\..\..\Libraries\Middleware\STemWin\inc_V544\LISTVIEW.h">
      <Filter>STemWin\Include</Filter>
    </ClInclude>
    <ClInclude Include="..\..\..\Libraries\Middleware\STemWin\inc_V544\LISTVIEW_Private.h">
      <Filter>STemWin\Include</Filter>
    </ClInclude>
    <ClInclude Include="..\..\..\Libraries\Middleware\STemWin\inc_V544\LISTWHEEL.h">
      <Filter>STemWin\Include</Filter>
    </ClInclude>
    <ClInclude Include="..\..\..\Libraries\Middleware\STemWin\inc_V544\LISTWHEEL_Private.h">
      <Filter>STemWin\Include</Filter>
    </ClInclude>
    <ClInclude Include="..\..\..\Libraries\Middleware\STemWin\inc_V544\MENU.h">
      <Filter>STemWin\Include</Filter>
    </ClInclude>
    <ClInclude Include="..\..\..\Libraries\Middleware\STemWin\inc_V544\MENU_Private.h">
      <Filter>STemWin\Include</Filter>
    </ClInclude>
    <ClInclude Include="..\..\..\Libraries\Middleware\STemWin\inc_V544\MESSAGEBOX.h">
      <Filter>STemWin\Include</Filter>
    </ClInclude>
    <ClInclude Include="..\..\..\Libraries\Middleware\STemWin\inc_V544\MULTIEDIT.h">
      <Filter>STemWin\Include</Filter>
    </ClInclude>
    <ClInclude Include="..\..\..\Libraries\Middleware\STemWin\inc_V544\MULTIPAGE.h">
      <Filter>STemWin\Include</Filter>
    </ClInclude>
    <ClInclude Include="..\..\..\Libraries\Middleware\STemWin\inc_V544\MULTIPAGE_Private.h">
      <Filter>STemWin\Include</Filter>
    </ClInclude>
    <ClInclude Include="..\..\..\Libraries\Middleware\STemWin\inc_V544\PROGBAR.h">
      <Filter>STemWin\Include</Filter>
    </ClInclude>
    <ClInclude Include="..\..\..\Libraries\Middleware\STemWin\inc_V544\PROGBAR_Private.h">
      <Filter>STemWin\Include</Filter>
    </ClInclude>
    <ClInclude Include="..\..\..\Libraries\Middleware\STemWin\inc_V544\RADIO.h">
      <Filter>STemWin\Include</Filter>
    </ClInclude>
    <ClInclude Include="..\..\..\Libraries\Middleware\STemWin\inc_V544\RADIO_Private.h">
      <Filter>STemWin\Include</Filter>
    </ClInclude>
    <ClInclude Include="..\..\..\Libraries\Middleware\STemWin\inc_V544\SCROLLBAR.h">
      <Filter>STemWin\Include</Filter>
    </ClInclude>
    <ClInclude Include="..\..\..\Libraries\Middleware\STemWin\inc_V544\SCROLLBAR_Private.h">
      <Filter>STemWin\Include</Filter>
    </ClInclude>
    <ClInclude Include="..\..\..\Libraries\Middleware\STemWin\inc_V544\SLIDER.h">
      <Filter>STemWin\Include</Filter>
    </ClInclude>
    <ClInclude Include="..\..\..\Libraries\Middleware\STemWin\inc_V544\SLIDER_Private.h">
      <Filter>STemWin\Include</Filter>
    </ClInclude>
    <ClInclude Include="..\..\..\Libraries\Middleware\STemWin\inc_V544\SPINBOX.h">
      <Filter>STemWin\Include</Filter>
    </ClInclude>
    <ClInclude Include="..\..\..\Libraries\Middleware\STemWin\inc_V544\SPINBOX_Private.h">
      <Filter>STemWin\Include</Filter>
    </ClInclude>
    <ClInclude Include="..\..\..\Libraries\Middleware\STemWin\inc_V544\SWIPELIST.h">
      <Filter>STemWin\Include</Filter>
    </ClInclude>
    <ClInclude Include="..\..\..\Libraries\Middleware\STemWin\inc_V544\SWIPELIST_Private.h">
      <Filter>STemWin\Include</Filter>
    </ClInclude>
    <ClInclude Include="..\..\..\Libraries\Middleware\STemWin\inc_V544\TEXT.h">
      <Filter>STemWin\Include</Filter>
    </ClInclude>
    <ClInclude Include="..\..\..\Libraries\Middleware\STemWin\inc_V544\TEXT_Private.h">
      <Filter>STemWin\Include</Filter>
    </ClInclude>
    <ClInclude Include="..\..\..\Libraries\Middleware\STemWin\inc_V544\TREEVIEW.h">
      <Filter>STemWin\Include</Filter>
    </ClInclude>
    <ClInclude Include="..\..\..\Libraries\Middleware\STemWin\inc_V544\TREEVIEW_Private.h">
      <Filter>STemWin\Include</Filter>
    </ClInclude>
    <ClInclude Include="..\..\..\Libraries\Middleware\STemWin\inc_V544\WIDGET.h">
      <Filter>STemWin\Include</Filter>
    </ClInclude>
    <ClInclude Include="..\..\..\Libraries\Middleware\STemWin\inc_V544\WINDOW_Private.h">
      <Filter>STemWin\Include</Filter>
    </ClInclude>
    <ClInclude Include="..\..\..\Libraries\Middleware\STemWin\inc_V544\WM.h">
      <Filter>STemWin\Include</Filter>
    </ClInclude>
    <ClInclude Include="..\..\..\Libraries\Middleware\STemWin\inc_V544\WM_GUI.h">
      <Filter>STemWin\Include</Filter>
    </ClInclude>
    <ClInclude Include="..\..\..\Libraries\Middleware\STemWin\inc_V544\WM_Intern.h">
      <Filter>STemWin\Include</Filter>
    </ClInclude>
    <ClInclude Include="resource.h" />
    <ClInclude Include="..\OpcodeHandle\Menu\Device Settings\ContextDeviceSettingsCfg.h">
      <Filter>Application\DSX\Source\OpcodeHandle</Filter>
    </ClInclude>
    <ClInclude Include="..\OpcodeHandle\Menu\Display Settings\ContextDisplaySettingsCfg.h">
      <Filter>Application\DSX\Source\OpcodeHandle</Filter>
    </ClInclude>
    <ClInclude Include="..\OpcodeHandle\Menu\Dive Settings\ContextDiveSettingsCfg.h">
      <Filter>Application\DSX\Source\OpcodeHandle</Filter>
    </ClInclude>
    <ClInclude Include="..\OpcodeHandle\Menu\Gas Switch\ContextGasSwitchCfg.h">
      <Filter>Application\DSX\Source\OpcodeHandle</Filter>
    </ClInclude>
    <ClInclude Include="..\OpcodeHandle\Menu\Set Alarms\ContextSetAlarmsCfg.h">
      <Filter>Application\DSX\Source\OpcodeHandle</Filter>
    </ClInclude>
    <ClInclude Include="..\OpcodeHandle\Menu\Set Menu\ContextSetMenuCfg.h">
      <Filter>Application\DSX\Source\OpcodeHandle</Filter>
    </ClInclude>
    <ClInclude Include="..\OpcodeHandle\Menu\Set SP\ContextSetSPCfg.h">
      <Filter>Application\DSX\Source\OpcodeHandle</Filter>
    </ClInclude>
    <ClInclude Include="..\OpcodeHandle\Menu\SP Switch\ContextSPSwitchCfg.h">
      <Filter>Application\DSX\Source\OpcodeHandle</Filter>
    </ClInclude>
    <ClInclude Include="..\OpcodeHandle\Surface Mode\SurfaceMode.h">
      <Filter>Application\DSX\Source\OpcodeHandle</Filter>
    </ClInclude>
    <ClInclude Include="..\DsxOcConfig.h">
      <Filter>Application\DSX\Source\OpcodeHandle</Filter>
    </ClInclude>
    <ClInclude Include="..\Icon_DSX.h">
      <Filter>Application\DSX\Source\OpcodeHandle</Filter>
    </ClInclude>
    <ClInclude Include="..\OC_DSX.h">
      <Filter>Application\DSX\Source\OpcodeHandle</Filter>
    </ClInclude>
    <ClInclude Include="..\..\DsxOCDefine.h">
      <Filter>Application\DSX\Source\OpcodeHandle</Filter>
    </ClInclude>
    <ClInclude Include="..\OpcodeHandle\Menu\Set Alarms\SetAlarms_TurnEndPress\Menu_SetAlarms_TurnEndSwitchPress.h">
      <Filter>Application\DSX\Source\OpcodeHandle</Filter>
    </ClInclude>
  </ItemGroup>
  <ItemGroup>
    <Library Include="Simulation\GUISim.lib">
      <Filter>Simulation</Filter>
    </Library>
    <Library Include="Simulation\STemWin_WIN32.lib">
      <Filter>STemWin\Library</Filter>
    </Library>
  </ItemGroup>
  <ItemGroup>
    <Resource Include="Simulation\SimulationMinGW.res">
      <Filter>Simulation</Filter>
    </Resource>
  </ItemGroup>
  <ItemGroup>
    <ResourceCompile Include="Simulation.rc" />
  </ItemGroup>
</Project>